// !$*UTF8*$!
{
	archiveVersion = 1;
	classes = {
	};
	objectVersion = 56;
	objects = {

/* Begin PBXBuildFile section */
		31B3C1BB2A40E57B00866407 /* User.swift in Sources */ = {isa = PBXBuildFile; fileRef = 31B3C1BA2A40E57B00866407 /* User.swift */; };
		31B3C1BE2A40E77500866407 /* ProfileViewModel.swift in Sources */ = {isa = PBXBuildFile; fileRef = 31B3C1BD2A40E77500866407 /* ProfileViewModel.swift */; };
		63035C2529DB9CCE006B6F83 /* Localizable.strings in Resources */ = {isa = PBXBuildFile; fileRef = 63035C2729DB9CCE006B6F83 /* Localizable.strings */; };
		630539D02A37D3390014258C /* TextGPTRequestModel.swift in Sources */ = {isa = PBXBuildFile; fileRef = 630539CF2A37D3390014258C /* TextGPTRequestModel.swift */; };
		630539D22A37D4730014258C /* TextGPTResponseModel.swift in Sources */ = {isa = PBXBuildFile; fileRef = 630539D12A37D4730014258C /* TextGPTResponseModel.swift */; };
		630539D42A37D5750014258C /* TextGPTService.swift in Sources */ = {isa = PBXBuildFile; fileRef = 630539D32A37D5750014258C /* TextGPTService.swift */; };
		6307066529E2FBD000D61DAF /* SearchTextField.swift in Sources */ = {isa = PBXBuildFile; fileRef = 6307066429E2FBD000D61DAF /* SearchTextField.swift */; };
		63193D4E2A4E019D00DFECD1 /* Ingredient.swift in Sources */ = {isa = PBXBuildFile; fileRef = 63193D4D2A4E019C00DFECD1 /* Ingredient.swift */; };
		63193D512A4E02D500DFECD1 /* ImageGPTService.swift in Sources */ = {isa = PBXBuildFile; fileRef = 63193D502A4E02D500DFECD1 /* ImageGPTService.swift */; };
		63193D542A4E031800DFECD1 /* ImageRequestModel.swift in Sources */ = {isa = PBXBuildFile; fileRef = 63193D532A4E031800DFECD1 /* ImageRequestModel.swift */; };
		63193D562A4E032C00DFECD1 /* ImageResponseModel.swift in Sources */ = {isa = PBXBuildFile; fileRef = 63193D552A4E032C00DFECD1 /* ImageResponseModel.swift */; };
		63193D582A4E03C400DFECD1 /* LoadDataAPI.swift in Sources */ = {isa = PBXBuildFile; fileRef = 63193D572A4E03C400DFECD1 /* LoadDataAPI.swift */; };
		63193D5A2A4E044E00DFECD1 /* Recipe.swift in Sources */ = {isa = PBXBuildFile; fileRef = 63193D592A4E044D00DFECD1 /* Recipe.swift */; };
		63193D5C2A4E045E00DFECD1 /* Drink.swift in Sources */ = {isa = PBXBuildFile; fileRef = 63193D5B2A4E045E00DFECD1 /* Drink.swift */; };
		63193D5E2A4E05A900DFECD1 /* REsponseIMageURL+Extension.swift in Sources */ = {isa = PBXBuildFile; fileRef = 63193D5D2A4E05A900DFECD1 /* REsponseIMageURL+Extension.swift */; };
		631E7AA22A070AD8005EDE16 /* LoginViewModel.swift in Sources */ = {isa = PBXBuildFile; fileRef = 631E7AA12A070AD8005EDE16 /* LoginViewModel.swift */; };
		63398A7829EEBE7C009B154A /* HomeViewModel.swift in Sources */ = {isa = PBXBuildFile; fileRef = 63398A7729EEBE7C009B154A /* HomeViewModel.swift */; };
		63421EB129CBA8DC00D1D0DF /* WrapperViewAnimation.swift in Sources */ = {isa = PBXBuildFile; fileRef = 63421EB029CBA8DC00D1D0DF /* WrapperViewAnimation.swift */; };
		634257612A1952D40028240E /* StaticSession.swift in Sources */ = {isa = PBXBuildFile; fileRef = 634257602A1952D40028240E /* StaticSession.swift */; };
		634257632A19535A0028240E /* ProductsAPI.swift in Sources */ = {isa = PBXBuildFile; fileRef = 634257622A19535A0028240E /* ProductsAPI.swift */; };
		634E7F5429CB7CCA003996DD /* CGSize+Extension.swift in Sources */ = {isa = PBXBuildFile; fileRef = 634E7F5329CB7CCA003996DD /* CGSize+Extension.swift */; };
		6361E0752A339B8800DF5E57 /* UIImage+Extension.swift in Sources */ = {isa = PBXBuildFile; fileRef = 6361E0742A339B8800DF5E57 /* UIImage+Extension.swift */; };
		6361E0772A339C8700DF5E57 /* UIFont+Extension.swift in Sources */ = {isa = PBXBuildFile; fileRef = 6361E0762A339C8700DF5E57 /* UIFont+Extension.swift */; };
		636D2C472A1D801300FFF763 /* GoogleService-Info.plist in Resources */ = {isa = PBXBuildFile; fileRef = 636D2C462A1D801300FFF763 /* GoogleService-Info.plist */; };
		636D2C4B2A1D954500FFF763 /* Alert.swift in Sources */ = {isa = PBXBuildFile; fileRef = 636D2C4A2A1D954500FFF763 /* Alert.swift */; };
		637145C42A0829D600A8C72F /* RegisterViewModel.swift in Sources */ = {isa = PBXBuildFile; fileRef = 637145C32A0829D600A8C72F /* RegisterViewModel.swift */; };
		637C373E2A11A8D900CE7C4F /* PrepairScreen.swift in Sources */ = {isa = PBXBuildFile; fileRef = 637C373D2A11A8D900CE7C4F /* PrepairScreen.swift */; };
		637C37402A11A98C00CE7C4F /* PrepairViewController.swift in Sources */ = {isa = PBXBuildFile; fileRef = 637C373F2A11A98C00CE7C4F /* PrepairViewController.swift */; };
		6388067C2A54C29A00D56EA9 /* APIKey.swift in Sources */ = {isa = PBXBuildFile; fileRef = 6388067B2A54C29A00D56EA9 /* APIKey.swift */; };
		6388067E2A54C30800D56EA9 /* APIConfig.swift in Sources */ = {isa = PBXBuildFile; fileRef = 6388067D2A54C30800D56EA9 /* APIConfig.swift */; };
		6389F23F2A2FB693007FBE41 /* EmptyStateView.swift in Sources */ = {isa = PBXBuildFile; fileRef = 6389F23E2A2FB693007FBE41 /* EmptyStateView.swift */; };
		6389F2412A2FFC8C007FBE41 /* Loading.swift in Sources */ = {isa = PBXBuildFile; fileRef = 6389F2402A2FFC8C007FBE41 /* Loading.swift */; };
		638E44E429C0173A00BA3A0B /* AppDelegate.swift in Sources */ = {isa = PBXBuildFile; fileRef = 638E44E329C0173A00BA3A0B /* AppDelegate.swift */; };
		638E44E629C0173A00BA3A0B /* SceneDelegate.swift in Sources */ = {isa = PBXBuildFile; fileRef = 638E44E529C0173A00BA3A0B /* SceneDelegate.swift */; };
		638E44E829C0173A00BA3A0B /* HomeViewController.swift in Sources */ = {isa = PBXBuildFile; fileRef = 638E44E729C0173A00BA3A0B /* HomeViewController.swift */; };
		638E44ED29C0173C00BA3A0B /* Assets.xcassets in Resources */ = {isa = PBXBuildFile; fileRef = 638E44EC29C0173C00BA3A0B /* Assets.xcassets */; };
		638E44F029C0173C00BA3A0B /* LaunchScreen.storyboard in Resources */ = {isa = PBXBuildFile; fileRef = 638E44EE29C0173C00BA3A0B /* LaunchScreen.storyboard */; };
		638E44FC29C01BDA00BA3A0B /* HomeScreen.swift in Sources */ = {isa = PBXBuildFile; fileRef = 638E44FB29C01BDA00BA3A0B /* HomeScreen.swift */; };
		638E44FE29C01C0700BA3A0B /* InsertedIngredientViewCell.swift in Sources */ = {isa = PBXBuildFile; fileRef = 638E44FD29C01C0700BA3A0B /* InsertedIngredientViewCell.swift */; };
		638E450129C01F8600BA3A0B /* TabBarViewController.swift in Sources */ = {isa = PBXBuildFile; fileRef = 638E450029C01F8600BA3A0B /* TabBarViewController.swift */; };
		638E450729C0217100BA3A0B /* LoginScreenViewController.swift in Sources */ = {isa = PBXBuildFile; fileRef = 638E450629C0217100BA3A0B /* LoginScreenViewController.swift */; };
		638E450929C0218D00BA3A0B /* LoginScreen.swift in Sources */ = {isa = PBXBuildFile; fileRef = 638E450829C0218D00BA3A0B /* LoginScreen.swift */; };
		638E450F29C0228200BA3A0B /* RegisterScreen.swift in Sources */ = {isa = PBXBuildFile; fileRef = 638E450E29C0228200BA3A0B /* RegisterScreen.swift */; };
		638E451129C022B300BA3A0B /* SucessRegisterScreen.swift in Sources */ = {isa = PBXBuildFile; fileRef = 638E451029C022B300BA3A0B /* SucessRegisterScreen.swift */; };
		638E451329C022C700BA3A0B /* RegisterScreenViewController.swift in Sources */ = {isa = PBXBuildFile; fileRef = 638E451229C022C700BA3A0B /* RegisterScreenViewController.swift */; };
		638E451529C022DF00BA3A0B /* SucessRegisterViewController.swift in Sources */ = {isa = PBXBuildFile; fileRef = 638E451429C022DF00BA3A0B /* SucessRegisterViewController.swift */; };
		638E451B29C0241A00BA3A0B /* ProfileScreen.swift in Sources */ = {isa = PBXBuildFile; fileRef = 638E451A29C0241A00BA3A0B /* ProfileScreen.swift */; };
		638E451D29C0242D00BA3A0B /* ProfileViewController.swift in Sources */ = {isa = PBXBuildFile; fileRef = 638E451C29C0242D00BA3A0B /* ProfileViewController.swift */; };
		6398100829D5E704004503B8 /* Nice Sugar.ttf in Resources */ = {isa = PBXBuildFile; fileRef = 6398100729D5E6DE004503B8 /* Nice Sugar.ttf */; };
		63D75E312A0FC29D00B57C03 /* PrepairViewModel.swift in Sources */ = {isa = PBXBuildFile; fileRef = 63D75E302A0FC29D00B57C03 /* PrepairViewModel.swift */; };
		63D81D312A265E7700C86485 /* UIColor+Extension.swift in Sources */ = {isa = PBXBuildFile; fileRef = 63D81D302A265E7700C86485 /* UIColor+Extension.swift */; };
		91940C5E441088ADF6032A35 /* Pods_SmartChef_Oficial.framework in Frameworks */ = {isa = PBXBuildFile; fileRef = 1388567CA4D5E40E351991E5 /* Pods_SmartChef_Oficial.framework */; };
		C4DDD3492A2B7F7300C590BB /* String+Extension.swift in Sources */ = {isa = PBXBuildFile; fileRef = C4DDD3482A2B7F7300C590BB /* String+Extension.swift */; };
/* End PBXBuildFile section */

/* Begin PBXFileReference section */
		1388567CA4D5E40E351991E5 /* Pods_SmartChef_Oficial.framework */ = {isa = PBXFileReference; explicitFileType = wrapper.framework; includeInIndex = 0; path = Pods_SmartChef_Oficial.framework; sourceTree = BUILT_PRODUCTS_DIR; };
		1E093E512AC1340629CB36A0 /* Pods-SmartChef-Oficial.release.xcconfig */ = {isa = PBXFileReference; includeInIndex = 1; lastKnownFileType = text.xcconfig; name = "Pods-SmartChef-Oficial.release.xcconfig"; path = "Target Support Files/Pods-SmartChef-Oficial/Pods-SmartChef-Oficial.release.xcconfig"; sourceTree = "<group>"; };
		2CF34810ABD1C472C89AEE1A /* Pods-SmartChef-Oficial.debug.xcconfig */ = {isa = PBXFileReference; includeInIndex = 1; lastKnownFileType = text.xcconfig; name = "Pods-SmartChef-Oficial.debug.xcconfig"; path = "Target Support Files/Pods-SmartChef-Oficial/Pods-SmartChef-Oficial.debug.xcconfig"; sourceTree = "<group>"; };
		31B3C1BA2A40E57B00866407 /* User.swift */ = {isa = PBXFileReference; lastKnownFileType = sourcecode.swift; path = User.swift; sourceTree = "<group>"; };
		31B3C1BD2A40E77500866407 /* ProfileViewModel.swift */ = {isa = PBXFileReference; lastKnownFileType = sourcecode.swift; path = ProfileViewModel.swift; sourceTree = "<group>"; };
		63035C2629DB9CCE006B6F83 /* en */ = {isa = PBXFileReference; lastKnownFileType = text.plist.strings; name = en; path = en.lproj/Localizable.strings; sourceTree = "<group>"; };
		630539CF2A37D3390014258C /* TextGPTRequestModel.swift */ = {isa = PBXFileReference; lastKnownFileType = sourcecode.swift; path = TextGPTRequestModel.swift; sourceTree = "<group>"; };
		630539D12A37D4730014258C /* TextGPTResponseModel.swift */ = {isa = PBXFileReference; lastKnownFileType = sourcecode.swift; path = TextGPTResponseModel.swift; sourceTree = "<group>"; };
		630539D32A37D5750014258C /* TextGPTService.swift */ = {isa = PBXFileReference; lastKnownFileType = sourcecode.swift; path = TextGPTService.swift; sourceTree = "<group>"; };
		6307066429E2FBD000D61DAF /* SearchTextField.swift */ = {isa = PBXFileReference; lastKnownFileType = sourcecode.swift; path = SearchTextField.swift; sourceTree = "<group>"; };
		63193D4D2A4E019C00DFECD1 /* Ingredient.swift */ = {isa = PBXFileReference; fileEncoding = 4; lastKnownFileType = sourcecode.swift; path = Ingredient.swift; sourceTree = "<group>"; };
		63193D502A4E02D500DFECD1 /* ImageGPTService.swift */ = {isa = PBXFileReference; lastKnownFileType = sourcecode.swift; path = ImageGPTService.swift; sourceTree = "<group>"; };
		63193D532A4E031800DFECD1 /* ImageRequestModel.swift */ = {isa = PBXFileReference; lastKnownFileType = sourcecode.swift; path = ImageRequestModel.swift; sourceTree = "<group>"; };
		63193D552A4E032C00DFECD1 /* ImageResponseModel.swift */ = {isa = PBXFileReference; lastKnownFileType = sourcecode.swift; path = ImageResponseModel.swift; sourceTree = "<group>"; };
		63193D572A4E03C400DFECD1 /* LoadDataAPI.swift */ = {isa = PBXFileReference; fileEncoding = 4; lastKnownFileType = sourcecode.swift; path = LoadDataAPI.swift; sourceTree = "<group>"; };
		63193D592A4E044D00DFECD1 /* Recipe.swift */ = {isa = PBXFileReference; fileEncoding = 4; lastKnownFileType = sourcecode.swift; path = Recipe.swift; sourceTree = "<group>"; };
		63193D5B2A4E045E00DFECD1 /* Drink.swift */ = {isa = PBXFileReference; fileEncoding = 4; lastKnownFileType = sourcecode.swift; path = Drink.swift; sourceTree = "<group>"; };
		63193D5D2A4E05A900DFECD1 /* REsponseIMageURL+Extension.swift */ = {isa = PBXFileReference; lastKnownFileType = sourcecode.swift; path = "REsponseIMageURL+Extension.swift"; sourceTree = "<group>"; };
		631E7AA12A070AD8005EDE16 /* LoginViewModel.swift */ = {isa = PBXFileReference; lastKnownFileType = sourcecode.swift; path = LoginViewModel.swift; sourceTree = "<group>"; };
		63398A7729EEBE7C009B154A /* HomeViewModel.swift */ = {isa = PBXFileReference; lastKnownFileType = sourcecode.swift; path = HomeViewModel.swift; sourceTree = "<group>"; };
		63421EB029CBA8DC00D1D0DF /* WrapperViewAnimation.swift */ = {isa = PBXFileReference; lastKnownFileType = sourcecode.swift; path = WrapperViewAnimation.swift; sourceTree = "<group>"; };
		634257602A1952D40028240E /* StaticSession.swift */ = {isa = PBXFileReference; lastKnownFileType = sourcecode.swift; path = StaticSession.swift; sourceTree = "<group>"; };
		634257622A19535A0028240E /* ProductsAPI.swift */ = {isa = PBXFileReference; lastKnownFileType = sourcecode.swift; path = ProductsAPI.swift; sourceTree = "<group>"; };
		634E7F5329CB7CCA003996DD /* CGSize+Extension.swift */ = {isa = PBXFileReference; lastKnownFileType = sourcecode.swift; path = "CGSize+Extension.swift"; sourceTree = "<group>"; };
		6361E0742A339B8800DF5E57 /* UIImage+Extension.swift */ = {isa = PBXFileReference; lastKnownFileType = sourcecode.swift; path = "UIImage+Extension.swift"; sourceTree = "<group>"; };
		6361E0762A339C8700DF5E57 /* UIFont+Extension.swift */ = {isa = PBXFileReference; lastKnownFileType = sourcecode.swift; path = "UIFont+Extension.swift"; sourceTree = "<group>"; };
		636D2C462A1D801300FFF763 /* GoogleService-Info.plist */ = {isa = PBXFileReference; fileEncoding = 4; lastKnownFileType = text.plist.xml; path = "GoogleService-Info.plist"; sourceTree = "<group>"; };
		636D2C4A2A1D954500FFF763 /* Alert.swift */ = {isa = PBXFileReference; lastKnownFileType = sourcecode.swift; path = Alert.swift; sourceTree = "<group>"; };
		637145C32A0829D600A8C72F /* RegisterViewModel.swift */ = {isa = PBXFileReference; lastKnownFileType = sourcecode.swift; path = RegisterViewModel.swift; sourceTree = "<group>"; };
		637C373D2A11A8D900CE7C4F /* PrepairScreen.swift */ = {isa = PBXFileReference; lastKnownFileType = sourcecode.swift; path = PrepairScreen.swift; sourceTree = "<group>"; };
		637C373F2A11A98C00CE7C4F /* PrepairViewController.swift */ = {isa = PBXFileReference; lastKnownFileType = sourcecode.swift; path = PrepairViewController.swift; sourceTree = "<group>"; };
		6388067B2A54C29A00D56EA9 /* APIKey.swift */ = {isa = PBXFileReference; lastKnownFileType = sourcecode.swift; path = APIKey.swift; sourceTree = "<group>"; };
		6388067D2A54C30800D56EA9 /* APIConfig.swift */ = {isa = PBXFileReference; lastKnownFileType = sourcecode.swift; path = APIConfig.swift; sourceTree = "<group>"; };
		6389F23E2A2FB693007FBE41 /* EmptyStateView.swift */ = {isa = PBXFileReference; lastKnownFileType = sourcecode.swift; path = EmptyStateView.swift; sourceTree = "<group>"; };
		6389F2402A2FFC8C007FBE41 /* Loading.swift */ = {isa = PBXFileReference; lastKnownFileType = sourcecode.swift; path = Loading.swift; sourceTree = "<group>"; };
		638E44E029C0173A00BA3A0B /* SmartChef-Oficial.app */ = {isa = PBXFileReference; explicitFileType = wrapper.application; includeInIndex = 0; path = "SmartChef-Oficial.app"; sourceTree = BUILT_PRODUCTS_DIR; };
		638E44E329C0173A00BA3A0B /* AppDelegate.swift */ = {isa = PBXFileReference; lastKnownFileType = sourcecode.swift; path = AppDelegate.swift; sourceTree = "<group>"; };
		638E44E529C0173A00BA3A0B /* SceneDelegate.swift */ = {isa = PBXFileReference; lastKnownFileType = sourcecode.swift; path = SceneDelegate.swift; sourceTree = "<group>"; };
		638E44E729C0173A00BA3A0B /* HomeViewController.swift */ = {isa = PBXFileReference; lastKnownFileType = sourcecode.swift; path = HomeViewController.swift; sourceTree = "<group>"; };
		638E44EC29C0173C00BA3A0B /* Assets.xcassets */ = {isa = PBXFileReference; lastKnownFileType = folder.assetcatalog; path = Assets.xcassets; sourceTree = "<group>"; };
		638E44EF29C0173C00BA3A0B /* Base */ = {isa = PBXFileReference; lastKnownFileType = file.storyboard; name = Base; path = Base.lproj/LaunchScreen.storyboard; sourceTree = "<group>"; };
		638E44F129C0173C00BA3A0B /* Info.plist */ = {isa = PBXFileReference; lastKnownFileType = text.plist.xml; path = Info.plist; sourceTree = "<group>"; };
		638E44FB29C01BDA00BA3A0B /* HomeScreen.swift */ = {isa = PBXFileReference; lastKnownFileType = sourcecode.swift; path = HomeScreen.swift; sourceTree = "<group>"; };
		638E44FD29C01C0700BA3A0B /* InsertedIngredientViewCell.swift */ = {isa = PBXFileReference; lastKnownFileType = sourcecode.swift; path = InsertedIngredientViewCell.swift; sourceTree = "<group>"; };
		638E450029C01F8600BA3A0B /* TabBarViewController.swift */ = {isa = PBXFileReference; lastKnownFileType = sourcecode.swift; path = TabBarViewController.swift; sourceTree = "<group>"; };
		638E450629C0217100BA3A0B /* LoginScreenViewController.swift */ = {isa = PBXFileReference; lastKnownFileType = sourcecode.swift; path = LoginScreenViewController.swift; sourceTree = "<group>"; };
		638E450829C0218D00BA3A0B /* LoginScreen.swift */ = {isa = PBXFileReference; lastKnownFileType = sourcecode.swift; path = LoginScreen.swift; sourceTree = "<group>"; };
		638E450E29C0228200BA3A0B /* RegisterScreen.swift */ = {isa = PBXFileReference; lastKnownFileType = sourcecode.swift; path = RegisterScreen.swift; sourceTree = "<group>"; };
		638E451029C022B300BA3A0B /* SucessRegisterScreen.swift */ = {isa = PBXFileReference; lastKnownFileType = sourcecode.swift; path = SucessRegisterScreen.swift; sourceTree = "<group>"; };
		638E451229C022C700BA3A0B /* RegisterScreenViewController.swift */ = {isa = PBXFileReference; lastKnownFileType = sourcecode.swift; path = RegisterScreenViewController.swift; sourceTree = "<group>"; };
		638E451429C022DF00BA3A0B /* SucessRegisterViewController.swift */ = {isa = PBXFileReference; lastKnownFileType = sourcecode.swift; path = SucessRegisterViewController.swift; sourceTree = "<group>"; };
		638E451A29C0241A00BA3A0B /* ProfileScreen.swift */ = {isa = PBXFileReference; lastKnownFileType = sourcecode.swift; path = ProfileScreen.swift; sourceTree = "<group>"; };
		638E451C29C0242D00BA3A0B /* ProfileViewController.swift */ = {isa = PBXFileReference; lastKnownFileType = sourcecode.swift; path = ProfileViewController.swift; sourceTree = "<group>"; };
		6398100729D5E6DE004503B8 /* Nice Sugar.ttf */ = {isa = PBXFileReference; lastKnownFileType = file; path = "Nice Sugar.ttf"; sourceTree = "<group>"; };
		63D75E302A0FC29D00B57C03 /* PrepairViewModel.swift */ = {isa = PBXFileReference; lastKnownFileType = sourcecode.swift; path = PrepairViewModel.swift; sourceTree = "<group>"; };
		63D81D302A265E7700C86485 /* UIColor+Extension.swift */ = {isa = PBXFileReference; lastKnownFileType = sourcecode.swift; path = "UIColor+Extension.swift"; sourceTree = "<group>"; };
		C4DDD3482A2B7F7300C590BB /* String+Extension.swift */ = {isa = PBXFileReference; lastKnownFileType = sourcecode.swift; path = "String+Extension.swift"; sourceTree = "<group>"; };
/* End PBXFileReference section */

/* Begin PBXFrameworksBuildPhase section */
		638E44DD29C0173A00BA3A0B /* Frameworks */ = {
			isa = PBXFrameworksBuildPhase;
			buildActionMask = 2147483647;
			files = (
				91940C5E441088ADF6032A35 /* Pods_SmartChef_Oficial.framework in Frameworks */,
			);
			runOnlyForDeploymentPostprocessing = 0;
		};
/* End PBXFrameworksBuildPhase section */

/* Begin PBXGroup section */
		31B3C1BC2A40E75C00866407 /* ViewModel */ = {
			isa = PBXGroup;
			children = (
				31B3C1BD2A40E77500866407 /* ProfileViewModel.swift */,
			);
			path = ViewModel;
			sourceTree = "<group>";
		};
		48BCC89506FC202A80CA6DD7 /* Frameworks */ = {
			isa = PBXGroup;
			children = (
				1388567CA4D5E40E351991E5 /* Pods_SmartChef_Oficial.framework */,
			);
			name = Frameworks;
			sourceTree = "<group>";
		};
		63035C1C29DB8A1B006B6F83 /* Model */ = {
			isa = PBXGroup;
			children = (
				63193D4D2A4E019C00DFECD1 /* Ingredient.swift */,
				31B3C1BA2A40E57B00866407 /* User.swift */,
			);
			path = Model;
			sourceTree = "<group>";
		};
		63035C2229DB9C98006B6F83 /* TranslateByLocalization */ = {
			isa = PBXGroup;
			children = (
				63035C2729DB9CCE006B6F83 /* Localizable.strings */,
			);
			path = TranslateByLocalization;
			sourceTree = "<group>";
		};
		630539CE2A37D3270014258C /* GPT_API */ = {
			isa = PBXGroup;
			children = (
				630539CF2A37D3390014258C /* TextGPTRequestModel.swift */,
				630539D12A37D4730014258C /* TextGPTResponseModel.swift */,
				630539D32A37D5750014258C /* TextGPTService.swift */,
			);
			path = GPT_API;
			sourceTree = "<group>";
		};
		63193D4F2A4E02BA00DFECD1 /* ImageGPTAPI */ = {
			isa = PBXGroup;
			children = (
				63193D502A4E02D500DFECD1 /* ImageGPTService.swift */,
				63193D532A4E031800DFECD1 /* ImageRequestModel.swift */,
				63193D552A4E032C00DFECD1 /* ImageResponseModel.swift */,
				63193D5D2A4E05A900DFECD1 /* REsponseIMageURL+Extension.swift */,
			);
			path = ImageGPTAPI;
			sourceTree = "<group>";
		};
		6342575E2A19529F0028240E /* Service */ = {
			isa = PBXGroup;
			children = (
				63193D4F2A4E02BA00DFECD1 /* ImageGPTAPI */,
				630539CE2A37D3270014258C /* GPT_API */,
				6342575F2A1952CA0028240E /* API */,
			);
			path = Service;
			sourceTree = "<group>";
		};
		6342575F2A1952CA0028240E /* API */ = {
			isa = PBXGroup;
			children = (
				634257602A1952D40028240E /* StaticSession.swift */,
				63193D572A4E03C400DFECD1 /* LoadDataAPI.swift */,
				63193D592A4E044D00DFECD1 /* Recipe.swift */,
				63193D5B2A4E045E00DFECD1 /* Drink.swift */,
				634257622A19535A0028240E /* ProductsAPI.swift */,
			);
			path = API;
			sourceTree = "<group>";
		};
		634E7F5229CB7CA2003996DD /* Utils */ = {
			isa = PBXGroup;
			children = (
				63035C2229DB9C98006B6F83 /* TranslateByLocalization */,
				6389F23E2A2FB693007FBE41 /* EmptyStateView.swift */,
				6389F2402A2FFC8C007FBE41 /* Loading.swift */,
				636D2C4A2A1D954500FFF763 /* Alert.swift */,
				63421EB029CBA8DC00D1D0DF /* WrapperViewAnimation.swift */,
			);
			path = Utils;
			sourceTree = "<group>";
		};
		635E857029DCB6D900DF1FCB /* SuccessRegisterScreen */ = {
			isa = PBXGroup;
			children = (
				C4CC785529F8377F0055DC8A /* View */,
			);
			path = SuccessRegisterScreen;
			sourceTree = "<group>";
		};
		637145C52A0829E200A8C72F /* ViewModel */ = {
			isa = PBXGroup;
			children = (
				631E7AA12A070AD8005EDE16 /* LoginViewModel.swift */,
			);
			path = ViewModel;
			sourceTree = "<group>";
		};
		637145C62A0829F600A8C72F /* ViewModel */ = {
			isa = PBXGroup;
			children = (
				637145C32A0829D600A8C72F /* RegisterViewModel.swift */,
			);
			path = ViewModel;
			sourceTree = "<group>";
		};
		637C373B2A11A8B400CE7C4F /* Prepair */ = {
			isa = PBXGroup;
			children = (
				637C373C2A11A8BC00CE7C4F /* View */,
				63D75E2F2A0FC24300B57C03 /* ViewModel */,
			);
			path = Prepair;
			sourceTree = "<group>";
		};
		637C373C2A11A8BC00CE7C4F /* View */ = {
			isa = PBXGroup;
			children = (
				637C373D2A11A8D900CE7C4F /* PrepairScreen.swift */,
				637C373F2A11A98C00CE7C4F /* PrepairViewController.swift */,
			);
			path = View;
			sourceTree = "<group>";
		};
		6388067A2A54C28E00D56EA9 /* Secret */ = {
			isa = PBXGroup;
			children = (
				6388067B2A54C29A00D56EA9 /* APIKey.swift */,
				6388067D2A54C30800D56EA9 /* APIConfig.swift */,
			);
			path = Secret;
			sourceTree = "<group>";
		};
		638E44D729C0173A00BA3A0B = {
			isa = PBXGroup;
			children = (
				638E44E229C0173A00BA3A0B /* SmartChef-Oficial */,
				638E44E129C0173A00BA3A0B /* Products */,
				71E7FF7F99863089A48AEE1E /* Pods */,
				48BCC89506FC202A80CA6DD7 /* Frameworks */,
			);
			sourceTree = "<group>";
		};
		638E44E129C0173A00BA3A0B /* Products */ = {
			isa = PBXGroup;
			children = (
				638E44E029C0173A00BA3A0B /* SmartChef-Oficial.app */,
			);
			name = Products;
			sourceTree = "<group>";
		};
		638E44E229C0173A00BA3A0B /* SmartChef-Oficial */ = {
			isa = PBXGroup;
			children = (
				6388067A2A54C28E00D56EA9 /* Secret */,
				638E450429C0215600BA3A0B /* LoginScreen */,
				638E450D29C0226400BA3A0B /* Register */,
				635E857029DCB6D900DF1FCB /* SuccessRegisterScreen */,
				638E451829C023FB00BA3A0B /* Profile */,
				C4CC785C29F837F20055DC8A /* TabBar */,
				638E44F929C01B5E00BA3A0B /* Home */,
				637C373B2A11A8B400CE7C4F /* Prepair */,
				6342575E2A19529F0028240E /* Service */,
				638F15D02A34FCC700504A0E /* Extension */,
				634E7F5229CB7CA2003996DD /* Utils */,
				C4CC784B29F835640055DC8A /* Resources */,
				63035C1C29DB8A1B006B6F83 /* Model */,
				638E44F129C0173C00BA3A0B /* Info.plist */,
				636D2C462A1D801300FFF763 /* GoogleService-Info.plist */,
			);
			path = "SmartChef-Oficial";
			sourceTree = "<group>";
		};
		638E44F929C01B5E00BA3A0B /* Home */ = {
			isa = PBXGroup;
			children = (
				C4CC785929F837AA0055DC8A /* View */,
				C4CC785829F837A40055DC8A /* ViewModel */,
				C4CC787129F83BBE0055DC8A /* Cell */,
			);
			path = Home;
			sourceTree = "<group>";
		};
		638E450429C0215600BA3A0B /* LoginScreen */ = {
			isa = PBXGroup;
			children = (
				637145C52A0829E200A8C72F /* ViewModel */,
				C4CC784C29F836D80055DC8A /* View */,
			);
			path = LoginScreen;
			sourceTree = "<group>";
		};
		638E450D29C0226400BA3A0B /* Register */ = {
			isa = PBXGroup;
			children = (
				637145C62A0829F600A8C72F /* ViewModel */,
				C4CC785029F837090055DC8A /* View */,
			);
			path = Register;
			sourceTree = "<group>";
		};
		638E451829C023FB00BA3A0B /* Profile */ = {
			isa = PBXGroup;
			children = (
				31B3C1BC2A40E75C00866407 /* ViewModel */,
				C4CC786A29F83A6A0055DC8A /* View */,
			);
			path = Profile;
			sourceTree = "<group>";
		};
		638F15D02A34FCC700504A0E /* Extension */ = {
			isa = PBXGroup;
			children = (
				634E7F5329CB7CCA003996DD /* CGSize+Extension.swift */,
				63D81D302A265E7700C86485 /* UIColor+Extension.swift */,
				C4DDD3482A2B7F7300C590BB /* String+Extension.swift */,
				6361E0742A339B8800DF5E57 /* UIImage+Extension.swift */,
				6361E0762A339C8700DF5E57 /* UIFont+Extension.swift */,
			);
			path = Extension;
			sourceTree = "<group>";
		};
		63D75E2F2A0FC24300B57C03 /* ViewModel */ = {
			isa = PBXGroup;
			children = (
				63D75E302A0FC29D00B57C03 /* PrepairViewModel.swift */,
			);
			path = ViewModel;
			sourceTree = "<group>";
		};
		71E7FF7F99863089A48AEE1E /* Pods */ = {
			isa = PBXGroup;
			children = (
				2CF34810ABD1C472C89AEE1A /* Pods-SmartChef-Oficial.debug.xcconfig */,
				1E093E512AC1340629CB36A0 /* Pods-SmartChef-Oficial.release.xcconfig */,
			);
			path = Pods;
			sourceTree = "<group>";
		};
		C4CC784B29F835640055DC8A /* Resources */ = {
			isa = PBXGroup;
			children = (
				638E44E329C0173A00BA3A0B /* AppDelegate.swift */,
				638E44E529C0173A00BA3A0B /* SceneDelegate.swift */,
				638E44EC29C0173C00BA3A0B /* Assets.xcassets */,
				638E44EE29C0173C00BA3A0B /* LaunchScreen.storyboard */,
				6398100729D5E6DE004503B8 /* Nice Sugar.ttf */,
			);
			path = Resources;
			sourceTree = "<group>";
		};
		C4CC784C29F836D80055DC8A /* View */ = {
			isa = PBXGroup;
			children = (
				638E450629C0217100BA3A0B /* LoginScreenViewController.swift */,
				638E450829C0218D00BA3A0B /* LoginScreen.swift */,
			);
			path = View;
			sourceTree = "<group>";
		};
		C4CC785029F837090055DC8A /* View */ = {
			isa = PBXGroup;
			children = (
				638E450E29C0228200BA3A0B /* RegisterScreen.swift */,
				638E451229C022C700BA3A0B /* RegisterScreenViewController.swift */,
			);
			path = View;
			sourceTree = "<group>";
		};
		C4CC785529F8377F0055DC8A /* View */ = {
			isa = PBXGroup;
			children = (
				638E451029C022B300BA3A0B /* SucessRegisterScreen.swift */,
				638E451429C022DF00BA3A0B /* SucessRegisterViewController.swift */,
			);
			path = View;
			sourceTree = "<group>";
		};
		C4CC785829F837A40055DC8A /* ViewModel */ = {
			isa = PBXGroup;
			children = (
				63398A7729EEBE7C009B154A /* HomeViewModel.swift */,
			);
			path = ViewModel;
			sourceTree = "<group>";
		};
		C4CC785929F837AA0055DC8A /* View */ = {
			isa = PBXGroup;
			children = (
				638E44FB29C01BDA00BA3A0B /* HomeScreen.swift */,
				638E44E729C0173A00BA3A0B /* HomeViewController.swift */,
			);
			path = View;
			sourceTree = "<group>";
		};
		C4CC785C29F837F20055DC8A /* TabBar */ = {
			isa = PBXGroup;
			children = (
				638E450029C01F8600BA3A0B /* TabBarViewController.swift */,
			);
			name = TabBar;
			path = TabBar/TabBar;
			sourceTree = "<group>";
		};
		C4CC786A29F83A6A0055DC8A /* View */ = {
			isa = PBXGroup;
			children = (
				638E451A29C0241A00BA3A0B /* ProfileScreen.swift */,
				638E451C29C0242D00BA3A0B /* ProfileViewController.swift */,
			);
			path = View;
			sourceTree = "<group>";
		};
		C4CC787129F83BBE0055DC8A /* Cell */ = {
			isa = PBXGroup;
			children = (
				6307066429E2FBD000D61DAF /* SearchTextField.swift */,
				638E44FD29C01C0700BA3A0B /* InsertedIngredientViewCell.swift */,
			);
			path = Cell;
			sourceTree = "<group>";
		};
/* End PBXGroup section */

/* Begin PBXNativeTarget section */
		638E44DF29C0173A00BA3A0B /* SmartChef-Oficial */ = {
			isa = PBXNativeTarget;
			buildConfigurationList = 638E44F429C0173C00BA3A0B /* Build configuration list for PBXNativeTarget "SmartChef-Oficial" */;
			buildPhases = (
				AFAB7C42E02885264ABA821E /* [CP] Check Pods Manifest.lock */,
				638E44DC29C0173A00BA3A0B /* Sources */,
				638E44DD29C0173A00BA3A0B /* Frameworks */,
				638E44DE29C0173A00BA3A0B /* Resources */,
				21E1408713114314C531D16D /* [CP] Embed Pods Frameworks */,
			);
			buildRules = (
			);
			dependencies = (
			);
			name = "SmartChef-Oficial";
			productName = "SmartChef-Oficial";
			productReference = 638E44E029C0173A00BA3A0B /* SmartChef-Oficial.app */;
			productType = "com.apple.product-type.application";
		};
/* End PBXNativeTarget section */

/* Begin PBXProject section */
		638E44D829C0173A00BA3A0B /* Project object */ = {
			isa = PBXProject;
			attributes = {
				BuildIndependentTargetsInParallel = 1;
				LastSwiftUpdateCheck = 1420;
				LastUpgradeCheck = 1420;
				TargetAttributes = {
					638E44DF29C0173A00BA3A0B = {
						CreatedOnToolsVersion = 14.2;
					};
				};
			};
			buildConfigurationList = 638E44DB29C0173A00BA3A0B /* Build configuration list for PBXProject "SmartChef-Oficial" */;
			compatibilityVersion = "Xcode 14.0";
			developmentRegion = en;
			hasScannedForEncodings = 0;
			knownRegions = (
				en,
				Base,
			);
			mainGroup = 638E44D729C0173A00BA3A0B;
			productRefGroup = 638E44E129C0173A00BA3A0B /* Products */;
			projectDirPath = "";
			projectRoot = "";
			targets = (
				638E44DF29C0173A00BA3A0B /* SmartChef-Oficial */,
			);
		};
/* End PBXProject section */

/* Begin PBXResourcesBuildPhase section */
		638E44DE29C0173A00BA3A0B /* Resources */ = {
			isa = PBXResourcesBuildPhase;
			buildActionMask = 2147483647;
			files = (
				638E44F029C0173C00BA3A0B /* LaunchScreen.storyboard in Resources */,
				63035C2529DB9CCE006B6F83 /* Localizable.strings in Resources */,
				636D2C472A1D801300FFF763 /* GoogleService-Info.plist in Resources */,
				638E44ED29C0173C00BA3A0B /* Assets.xcassets in Resources */,
				6398100829D5E704004503B8 /* Nice Sugar.ttf in Resources */,
			);
			runOnlyForDeploymentPostprocessing = 0;
		};
/* End PBXResourcesBuildPhase section */

/* Begin PBXShellScriptBuildPhase section */
		21E1408713114314C531D16D /* [CP] Embed Pods Frameworks */ = {
			isa = PBXShellScriptBuildPhase;
			buildActionMask = 2147483647;
			files = (
			);
			inputFileListPaths = (
				"${PODS_ROOT}/Target Support Files/Pods-SmartChef-Oficial/Pods-SmartChef-Oficial-frameworks-${CONFIGURATION}-input-files.xcfilelist",
			);
			name = "[CP] Embed Pods Frameworks";
			outputFileListPaths = (
				"${PODS_ROOT}/Target Support Files/Pods-SmartChef-Oficial/Pods-SmartChef-Oficial-frameworks-${CONFIGURATION}-output-files.xcfilelist",
			);
			runOnlyForDeploymentPostprocessing = 0;
			shellPath = /bin/sh;
			shellScript = "\"${PODS_ROOT}/Target Support Files/Pods-SmartChef-Oficial/Pods-SmartChef-Oficial-frameworks.sh\"\n";
			showEnvVarsInLog = 0;
		};
		AFAB7C42E02885264ABA821E /* [CP] Check Pods Manifest.lock */ = {
			isa = PBXShellScriptBuildPhase;
			buildActionMask = 2147483647;
			files = (
			);
			inputFileListPaths = (
			);
			inputPaths = (
				"${PODS_PODFILE_DIR_PATH}/Podfile.lock",
				"${PODS_ROOT}/Manifest.lock",
			);
			name = "[CP] Check Pods Manifest.lock";
			outputFileListPaths = (
			);
			outputPaths = (
				"$(DERIVED_FILE_DIR)/Pods-SmartChef-Oficial-checkManifestLockResult.txt",
			);
			runOnlyForDeploymentPostprocessing = 0;
			shellPath = /bin/sh;
			shellScript = "diff \"${PODS_PODFILE_DIR_PATH}/Podfile.lock\" \"${PODS_ROOT}/Manifest.lock\" > /dev/null\nif [ $? != 0 ] ; then\n    # print error to STDERR\n    echo \"error: The sandbox is not in sync with the Podfile.lock. Run 'pod install' or update your CocoaPods installation.\" >&2\n    exit 1\nfi\n# This output is used by Xcode 'outputs' to avoid re-running this script phase.\necho \"SUCCESS\" > \"${SCRIPT_OUTPUT_FILE_0}\"\n";
			showEnvVarsInLog = 0;
		};
/* End PBXShellScriptBuildPhase section */

/* Begin PBXSourcesBuildPhase section */
		638E44DC29C0173A00BA3A0B /* Sources */ = {
			isa = PBXSourcesBuildPhase;
			buildActionMask = 2147483647;
			files = (
				638E44FE29C01C0700BA3A0B /* InsertedIngredientViewCell.swift in Sources */,
				6388067E2A54C30800D56EA9 /* APIConfig.swift in Sources */,
				638E450729C0217100BA3A0B /* LoginScreenViewController.swift in Sources */,
				6388067C2A54C29A00D56EA9 /* APIKey.swift in Sources */,
				630539D22A37D4730014258C /* TextGPTResponseModel.swift in Sources */,
				638E451129C022B300BA3A0B /* SucessRegisterScreen.swift in Sources */,
				638E44FC29C01BDA00BA3A0B /* HomeScreen.swift in Sources */,
				63193D542A4E031800DFECD1 /* ImageRequestModel.swift in Sources */,
				6389F23F2A2FB693007FBE41 /* EmptyStateView.swift in Sources */,
				31B3C1BE2A40E77500866407 /* ProfileViewModel.swift in Sources */,
				637C37402A11A98C00CE7C4F /* PrepairViewController.swift in Sources */,
				630539D42A37D5750014258C /* TextGPTService.swift in Sources */,
				63D75E312A0FC29D00B57C03 /* PrepairViewModel.swift in Sources */,
				634E7F5429CB7CCA003996DD /* CGSize+Extension.swift in Sources */,
				63193D5E2A4E05A900DFECD1 /* REsponseIMageURL+Extension.swift in Sources */,
				31B3C1BB2A40E57B00866407 /* User.swift in Sources */,
				63193D4E2A4E019D00DFECD1 /* Ingredient.swift in Sources */,
				63193D5C2A4E045E00DFECD1 /* Drink.swift in Sources */,
				634257632A19535A0028240E /* ProductsAPI.swift in Sources */,
				63D81D312A265E7700C86485 /* UIColor+Extension.swift in Sources */,
				636D2C4B2A1D954500FFF763 /* Alert.swift in Sources */,
				637145C42A0829D600A8C72F /* RegisterViewModel.swift in Sources */,
				63421EB129CBA8DC00D1D0DF /* WrapperViewAnimation.swift in Sources */,
				6307066529E2FBD000D61DAF /* SearchTextField.swift in Sources */,
				638E451B29C0241A00BA3A0B /* ProfileScreen.swift in Sources */,
				638E450F29C0228200BA3A0B /* RegisterScreen.swift in Sources */,
				637C373E2A11A8D900CE7C4F /* PrepairScreen.swift in Sources */,
				63193D512A4E02D500DFECD1 /* ImageGPTService.swift in Sources */,
				63193D5A2A4E044E00DFECD1 /* Recipe.swift in Sources */,
				63193D582A4E03C400DFECD1 /* LoadDataAPI.swift in Sources */,
				6361E0752A339B8800DF5E57 /* UIImage+Extension.swift in Sources */,
				C4DDD3492A2B7F7300C590BB /* String+Extension.swift in Sources */,
				634257612A1952D40028240E /* StaticSession.swift in Sources */,
				6361E0772A339C8700DF5E57 /* UIFont+Extension.swift in Sources */,
				63193D562A4E032C00DFECD1 /* ImageResponseModel.swift in Sources */,
				6389F2412A2FFC8C007FBE41 /* Loading.swift in Sources */,
				638E44E829C0173A00BA3A0B /* HomeViewController.swift in Sources */,
				638E44E429C0173A00BA3A0B /* AppDelegate.swift in Sources */,
				638E451D29C0242D00BA3A0B /* ProfileViewController.swift in Sources */,
				638E451529C022DF00BA3A0B /* SucessRegisterViewController.swift in Sources */,
				63398A7829EEBE7C009B154A /* HomeViewModel.swift in Sources */,
				638E450929C0218D00BA3A0B /* LoginScreen.swift in Sources */,
				631E7AA22A070AD8005EDE16 /* LoginViewModel.swift in Sources */,
				638E450129C01F8600BA3A0B /* TabBarViewController.swift in Sources */,
				638E451329C022C700BA3A0B /* RegisterScreenViewController.swift in Sources */,
				630539D02A37D3390014258C /* TextGPTRequestModel.swift in Sources */,
				638E44E629C0173A00BA3A0B /* SceneDelegate.swift in Sources */,
			);
			runOnlyForDeploymentPostprocessing = 0;
		};
/* End PBXSourcesBuildPhase section */

/* Begin PBXVariantGroup section */
		63035C2729DB9CCE006B6F83 /* Localizable.strings */ = {
			isa = PBXVariantGroup;
			children = (
				63035C2629DB9CCE006B6F83 /* en */,
			);
			name = Localizable.strings;
			sourceTree = "<group>";
		};
		638E44EE29C0173C00BA3A0B /* LaunchScreen.storyboard */ = {
			isa = PBXVariantGroup;
			children = (
				638E44EF29C0173C00BA3A0B /* Base */,
			);
			name = LaunchScreen.storyboard;
			sourceTree = "<group>";
		};
/* End PBXVariantGroup section */

/* Begin XCBuildConfiguration section */
		638E44F229C0173C00BA3A0B /* Debug */ = {
			isa = XCBuildConfiguration;
			buildSettings = {
				ALWAYS_SEARCH_USER_PATHS = NO;
				CLANG_ANALYZER_LOCALIZABILITY_NONLOCALIZED = YES;
				CLANG_ANALYZER_NONNULL = YES;
				CLANG_ANALYZER_NUMBER_OBJECT_CONVERSION = YES_AGGRESSIVE;
				CLANG_CXX_LANGUAGE_STANDARD = "gnu++20";
				CLANG_ENABLE_MODULES = YES;
				CLANG_ENABLE_OBJC_ARC = YES;
				CLANG_ENABLE_OBJC_WEAK = YES;
				CLANG_WARN_BLOCK_CAPTURE_AUTORELEASING = YES;
				CLANG_WARN_BOOL_CONVERSION = YES;
				CLANG_WARN_COMMA = YES;
				CLANG_WARN_CONSTANT_CONVERSION = YES;
				CLANG_WARN_DEPRECATED_OBJC_IMPLEMENTATIONS = YES;
				CLANG_WARN_DIRECT_OBJC_ISA_USAGE = YES_ERROR;
				CLANG_WARN_DOCUMENTATION_COMMENTS = YES;
				CLANG_WARN_EMPTY_BODY = YES;
				CLANG_WARN_ENUM_CONVERSION = YES;
				CLANG_WARN_INFINITE_RECURSION = YES;
				CLANG_WARN_INT_CONVERSION = YES;
				CLANG_WARN_NON_LITERAL_NULL_CONVERSION = YES;
				CLANG_WARN_OBJC_IMPLICIT_RETAIN_SELF = YES;
				CLANG_WARN_OBJC_LITERAL_CONVERSION = YES;
				CLANG_WARN_OBJC_ROOT_CLASS = YES_ERROR;
				CLANG_WARN_QUOTED_INCLUDE_IN_FRAMEWORK_HEADER = YES;
				CLANG_WARN_RANGE_LOOP_ANALYSIS = YES;
				CLANG_WARN_STRICT_PROTOTYPES = YES;
				CLANG_WARN_SUSPICIOUS_MOVE = YES;
				CLANG_WARN_UNGUARDED_AVAILABILITY = YES_AGGRESSIVE;
				CLANG_WARN_UNREACHABLE_CODE = YES;
				CLANG_WARN__DUPLICATE_METHOD_MATCH = YES;
				COPY_PHASE_STRIP = NO;
				DEBUG_INFORMATION_FORMAT = dwarf;
				ENABLE_STRICT_OBJC_MSGSEND = YES;
				ENABLE_TESTABILITY = YES;
				GCC_C_LANGUAGE_STANDARD = gnu11;
				GCC_DYNAMIC_NO_PIC = NO;
				GCC_NO_COMMON_BLOCKS = YES;
				GCC_OPTIMIZATION_LEVEL = 0;
				GCC_PREPROCESSOR_DEFINITIONS = (
					"DEBUG=1",
					"$(inherited)",
				);
				GCC_WARN_64_TO_32_BIT_CONVERSION = YES;
				GCC_WARN_ABOUT_RETURN_TYPE = YES_ERROR;
				GCC_WARN_UNDECLARED_SELECTOR = YES;
				GCC_WARN_UNINITIALIZED_AUTOS = YES_AGGRESSIVE;
				GCC_WARN_UNUSED_FUNCTION = YES;
				GCC_WARN_UNUSED_VARIABLE = YES;
				IPHONEOS_DEPLOYMENT_TARGET = 16.2;
				MTL_ENABLE_DEBUG_INFO = INCLUDE_SOURCE;
				MTL_FAST_MATH = YES;
				ONLY_ACTIVE_ARCH = YES;
				SDKROOT = iphoneos;
				SWIFT_ACTIVE_COMPILATION_CONDITIONS = DEBUG;
				SWIFT_OPTIMIZATION_LEVEL = "-Onone";
			};
			name = Debug;
		};
		638E44F329C0173C00BA3A0B /* Release */ = {
			isa = XCBuildConfiguration;
			buildSettings = {
				ALWAYS_SEARCH_USER_PATHS = NO;
				CLANG_ANALYZER_LOCALIZABILITY_NONLOCALIZED = YES;
				CLANG_ANALYZER_NONNULL = YES;
				CLANG_ANALYZER_NUMBER_OBJECT_CONVERSION = YES_AGGRESSIVE;
				CLANG_CXX_LANGUAGE_STANDARD = "gnu++20";
				CLANG_ENABLE_MODULES = YES;
				CLANG_ENABLE_OBJC_ARC = YES;
				CLANG_ENABLE_OBJC_WEAK = YES;
				CLANG_WARN_BLOCK_CAPTURE_AUTORELEASING = YES;
				CLANG_WARN_BOOL_CONVERSION = YES;
				CLANG_WARN_COMMA = YES;
				CLANG_WARN_CONSTANT_CONVERSION = YES;
				CLANG_WARN_DEPRECATED_OBJC_IMPLEMENTATIONS = YES;
				CLANG_WARN_DIRECT_OBJC_ISA_USAGE = YES_ERROR;
				CLANG_WARN_DOCUMENTATION_COMMENTS = YES;
				CLANG_WARN_EMPTY_BODY = YES;
				CLANG_WARN_ENUM_CONVERSION = YES;
				CLANG_WARN_INFINITE_RECURSION = YES;
				CLANG_WARN_INT_CONVERSION = YES;
				CLANG_WARN_NON_LITERAL_NULL_CONVERSION = YES;
				CLANG_WARN_OBJC_IMPLICIT_RETAIN_SELF = YES;
				CLANG_WARN_OBJC_LITERAL_CONVERSION = YES;
				CLANG_WARN_OBJC_ROOT_CLASS = YES_ERROR;
				CLANG_WARN_QUOTED_INCLUDE_IN_FRAMEWORK_HEADER = YES;
				CLANG_WARN_RANGE_LOOP_ANALYSIS = YES;
				CLANG_WARN_STRICT_PROTOTYPES = YES;
				CLANG_WARN_SUSPICIOUS_MOVE = YES;
				CLANG_WARN_UNGUARDED_AVAILABILITY = YES_AGGRESSIVE;
				CLANG_WARN_UNREACHABLE_CODE = YES;
				CLANG_WARN__DUPLICATE_METHOD_MATCH = YES;
				COPY_PHASE_STRIP = NO;
				DEBUG_INFORMATION_FORMAT = "dwarf-with-dsym";
				ENABLE_NS_ASSERTIONS = NO;
				ENABLE_STRICT_OBJC_MSGSEND = YES;
				GCC_C_LANGUAGE_STANDARD = gnu11;
				GCC_NO_COMMON_BLOCKS = YES;
				GCC_WARN_64_TO_32_BIT_CONVERSION = YES;
				GCC_WARN_ABOUT_RETURN_TYPE = YES_ERROR;
				GCC_WARN_UNDECLARED_SELECTOR = YES;
				GCC_WARN_UNINITIALIZED_AUTOS = YES_AGGRESSIVE;
				GCC_WARN_UNUSED_FUNCTION = YES;
				GCC_WARN_UNUSED_VARIABLE = YES;
				IPHONEOS_DEPLOYMENT_TARGET = 16.2;
				MTL_ENABLE_DEBUG_INFO = NO;
				MTL_FAST_MATH = YES;
				SDKROOT = iphoneos;
				SWIFT_COMPILATION_MODE = wholemodule;
				SWIFT_OPTIMIZATION_LEVEL = "-O";
				VALIDATE_PRODUCT = YES;
			};
			name = Release;
		};
		638E44F529C0173C00BA3A0B /* Debug */ = {
			isa = XCBuildConfiguration;
			baseConfigurationReference = 2CF34810ABD1C472C89AEE1A /* Pods-SmartChef-Oficial.debug.xcconfig */;
			buildSettings = {
				ASSETCATALOG_COMPILER_APPICON_NAME = AppIcon;
				ASSETCATALOG_COMPILER_GLOBAL_ACCENT_COLOR_NAME = AccentColor;
				CODE_SIGN_STYLE = Automatic;
				CURRENT_PROJECT_VERSION = 1;
				DEVELOPMENT_TEAM = 4G729SMP5Y;
				GENERATE_INFOPLIST_FILE = YES;
				INFOPLIST_FILE = "SmartChef-Oficial/Info.plist";
				INFOPLIST_KEY_CFBundleDisplayName = SmartChef;
				INFOPLIST_KEY_LSApplicationCategoryType = "public.app-category.food-and-drink";
				INFOPLIST_KEY_UIApplicationSupportsIndirectInputEvents = YES;
				INFOPLIST_KEY_UILaunchStoryboardName = LaunchScreen;
				INFOPLIST_KEY_UISupportedInterfaceOrientations = UIInterfaceOrientationPortrait;
				INFOPLIST_KEY_UISupportedInterfaceOrientations_iPad = "UIInterfaceOrientationLandscapeLeft UIInterfaceOrientationLandscapeRight UIInterfaceOrientationPortrait UIInterfaceOrientationPortraitUpsideDown";
				IPHONEOS_DEPLOYMENT_TARGET = 15.0;
				LD_RUNPATH_SEARCH_PATHS = (
					"$(inherited)",
					"@executable_path/Frameworks",
				);
				MARKETING_VERSION = 1.0;
				PRODUCT_BUNDLE_IDENTIFIER = "KevinLongue.SmartChef-Oficial";
				PRODUCT_NAME = "$(TARGET_NAME)";
				SUPPORTED_PLATFORMS = "iphoneos iphonesimulator";
				SUPPORTS_MACCATALYST = NO;
				SUPPORTS_MAC_DESIGNED_FOR_IPHONE_IPAD = NO;
				SWIFT_EMIT_LOC_STRINGS = YES;
				SWIFT_VERSION = 5.0;
				TARGETED_DEVICE_FAMILY = 1;
			};
			name = Debug;
		};
		638E44F629C0173C00BA3A0B /* Release */ = {
			isa = XCBuildConfiguration;
			baseConfigurationReference = 1E093E512AC1340629CB36A0 /* Pods-SmartChef-Oficial.release.xcconfig */;
			buildSettings = {
				ASSETCATALOG_COMPILER_APPICON_NAME = AppIcon;
				ASSETCATALOG_COMPILER_GLOBAL_ACCENT_COLOR_NAME = AccentColor;
				CODE_SIGN_STYLE = Automatic;
				CURRENT_PROJECT_VERSION = 1;
				DEVELOPMENT_TEAM = 4G729SMP5Y;
				GENERATE_INFOPLIST_FILE = YES;
				INFOPLIST_FILE = "SmartChef-Oficial/Info.plist";
				INFOPLIST_KEY_CFBundleDisplayName = SmartChef;
				INFOPLIST_KEY_LSApplicationCategoryType = "public.app-category.food-and-drink";
				INFOPLIST_KEY_UIApplicationSupportsIndirectInputEvents = YES;
				INFOPLIST_KEY_UILaunchStoryboardName = LaunchScreen;
				INFOPLIST_KEY_UISupportedInterfaceOrientations = UIInterfaceOrientationPortrait;
				INFOPLIST_KEY_UISupportedInterfaceOrientations_iPad = "UIInterfaceOrientationLandscapeLeft UIInterfaceOrientationLandscapeRight UIInterfaceOrientationPortrait UIInterfaceOrientationPortraitUpsideDown";
				IPHONEOS_DEPLOYMENT_TARGET = 15.0;
				LD_RUNPATH_SEARCH_PATHS = (
					"$(inherited)",
					"@executable_path/Frameworks",
				);
				MARKETING_VERSION = 1.0;
				PRODUCT_BUNDLE_IDENTIFIER = "KevinLongue.SmartChef-Oficial";
				PRODUCT_NAME = "$(TARGET_NAME)";
				SUPPORTED_PLATFORMS = "iphoneos iphonesimulator";
				SUPPORTS_MACCATALYST = NO;
				SUPPORTS_MAC_DESIGNED_FOR_IPHONE_IPAD = NO;
				SWIFT_EMIT_LOC_STRINGS = YES;
				SWIFT_VERSION = 5.0;
				TARGETED_DEVICE_FAMILY = 1;
			};
			name = Release;
		};
/* End XCBuildConfiguration section */

/* Begin XCConfigurationList section */
		638E44DB29C0173A00BA3A0B /* Build configuration list for PBXProject "SmartChef-Oficial" */ = {
			isa = XCConfigurationList;
			buildConfigurations = (
				638E44F229C0173C00BA3A0B /* Debug */,
				638E44F329C0173C00BA3A0B /* Release */,
			);
			defaultConfigurationIsVisible = 0;
			defaultConfigurationName = Release;
		};
		638E44F429C0173C00BA3A0B /* Build configuration list for PBXNativeTarget "SmartChef-Oficial" */ = {
			isa = XCConfigurationList;
			buildConfigurations = (
				638E44F529C0173C00BA3A0B /* Debug */,
				638E44F629C0173C00BA3A0B /* Release */,
			);
			defaultConfigurationIsVisible = 0;
			defaultConfigurationName = Release;
		};
/* End XCConfigurationList section */
	};
	rootObject = 638E44D829C0173A00BA3A0B /* Project object */;
}
