// !$*UTF8*$!
{
	archiveVersion = 1;
	classes = {
	};
	objectVersion = 56;
	objects = {

/* Begin PBXBuildFile section */
		63035C1F29DB8A40006B6F83 /* RecipeModel.swift in Sources */ = {isa = PBXBuildFile; fileRef = 63035C1E29DB8A40006B6F83 /* RecipeModel.swift */; };
		63035C2529DB9CCE006B6F83 /* Localizable.strings in Resources */ = {isa = PBXBuildFile; fileRef = 63035C2729DB9CCE006B6F83 /* Localizable.strings */; };
		6307066529E2FBD000D61DAF /* SearchedFieldTableView.swift in Sources */ = {isa = PBXBuildFile; fileRef = 6307066429E2FBD000D61DAF /* SearchedFieldTableView.swift */; };
		6308BCEC29C0E3CA00104398 /* RecipeViewController.swift in Sources */ = {isa = PBXBuildFile; fileRef = 6308BCEB29C0E3CA00104398 /* RecipeViewController.swift */; };
		6308BCEF29C0E41E00104398 /* RecipeScreen.swift in Sources */ = {isa = PBXBuildFile; fileRef = 6308BCEE29C0E41E00104398 /* RecipeScreen.swift */; };
		6308BCF329C0E8E500104398 /* RecipeScreenCollectionViewCell.swift in Sources */ = {isa = PBXBuildFile; fileRef = 6308BCF229C0E8E500104398 /* RecipeScreenCollectionViewCell.swift */; };
		631C70BE29CD4D8A00074D35 /* HotRecipeStackView.swift in Sources */ = {isa = PBXBuildFile; fileRef = 631C70AA29CD4D8A00074D35 /* HotRecipeStackView.swift */; };
		631C70BF29CD4D8A00074D35 /* HotMealsCollectionViewCell.swift in Sources */ = {isa = PBXBuildFile; fileRef = 631C70AC29CD4D8A00074D35 /* HotMealsCollectionViewCell.swift */; };
		631C70C029CD4D8A00074D35 /* HotMealsScreen.swift in Sources */ = {isa = PBXBuildFile; fileRef = 631C70AE29CD4D8A00074D35 /* HotMealsScreen.swift */; };
		631C70C129CD4D8A00074D35 /* HotRecipe.swift in Sources */ = {isa = PBXBuildFile; fileRef = 631C70B029CD4D8A00074D35 /* HotRecipe.swift */; };
		631C70C229CD4D8A00074D35 /* HotMealsViewController.swift in Sources */ = {isa = PBXBuildFile; fileRef = 631C70B229CD4D8A00074D35 /* HotMealsViewController.swift */; };
		631C70C329CD4D8A00074D35 /* BreakFastStackView.swift in Sources */ = {isa = PBXBuildFile; fileRef = 631C70B529CD4D8A00074D35 /* BreakFastStackView.swift */; };
		631C70C429CD4D8A00074D35 /* BreakfastCollectionViewCell.swift in Sources */ = {isa = PBXBuildFile; fileRef = 631C70B729CD4D8A00074D35 /* BreakfastCollectionViewCell.swift */; };
		631C70C529CD4D8A00074D35 /* BreakfastScreen.swift in Sources */ = {isa = PBXBuildFile; fileRef = 631C70B929CD4D8A00074D35 /* BreakfastScreen.swift */; };
		631C70C629CD4D8A00074D35 /* BreakfastRecipe.swift in Sources */ = {isa = PBXBuildFile; fileRef = 631C70BB29CD4D8A00074D35 /* BreakfastRecipe.swift */; };
		631C70C729CD4D8A00074D35 /* BreakfastViewController.swift in Sources */ = {isa = PBXBuildFile; fileRef = 631C70BD29CD4D8A00074D35 /* BreakfastViewController.swift */; };
		6328C30B29CDE88700727FDA /* SnackStackView.swift in Sources */ = {isa = PBXBuildFile; fileRef = 6328C30A29CDE88700727FDA /* SnackStackView.swift */; };
		6328C30E29CDE8F000727FDA /* SnackCollectionViewCell.swift in Sources */ = {isa = PBXBuildFile; fileRef = 6328C30D29CDE8F000727FDA /* SnackCollectionViewCell.swift */; };
		6328C31129CDE94400727FDA /* SnackScreen.swift in Sources */ = {isa = PBXBuildFile; fileRef = 6328C31029CDE94400727FDA /* SnackScreen.swift */; };
		6328C31429CDE97500727FDA /* SnackRecipe.swift in Sources */ = {isa = PBXBuildFile; fileRef = 6328C31329CDE97500727FDA /* SnackRecipe.swift */; };
		6328C31729CDE99E00727FDA /* SnackViewController.swift in Sources */ = {isa = PBXBuildFile; fileRef = 6328C31629CDE99E00727FDA /* SnackViewController.swift */; };
		6328C32529CE2A1A00727FDA /* LunchStackView.swift in Sources */ = {isa = PBXBuildFile; fileRef = 6328C31C29CE2A1A00727FDA /* LunchStackView.swift */; };
		6328C32629CE2A1A00727FDA /* LunchCollectionViewCell.swift in Sources */ = {isa = PBXBuildFile; fileRef = 6328C31E29CE2A1A00727FDA /* LunchCollectionViewCell.swift */; };
		6328C32729CE2A1A00727FDA /* LunchScreen.swift in Sources */ = {isa = PBXBuildFile; fileRef = 6328C32029CE2A1A00727FDA /* LunchScreen.swift */; };
		6328C32829CE2A1A00727FDA /* LunchRecipe.swift in Sources */ = {isa = PBXBuildFile; fileRef = 6328C32229CE2A1A00727FDA /* LunchRecipe.swift */; };
		6328C32929CE2A1A00727FDA /* LunchViewController.swift in Sources */ = {isa = PBXBuildFile; fileRef = 6328C32429CE2A1A00727FDA /* LunchViewController.swift */; };
		6328C33529CE2A4B00727FDA /* DessertStackView.swift in Sources */ = {isa = PBXBuildFile; fileRef = 6328C32C29CE2A4B00727FDA /* DessertStackView.swift */; };
		6328C33629CE2A4B00727FDA /* DessertCollectionViewCell.swift in Sources */ = {isa = PBXBuildFile; fileRef = 6328C32E29CE2A4B00727FDA /* DessertCollectionViewCell.swift */; };
		6328C33729CE2A4B00727FDA /* DessertScreen.swift in Sources */ = {isa = PBXBuildFile; fileRef = 6328C33029CE2A4B00727FDA /* DessertScreen.swift */; };
		6328C33829CE2A4B00727FDA /* DessertRecipe.swift in Sources */ = {isa = PBXBuildFile; fileRef = 6328C33229CE2A4B00727FDA /* DessertRecipe.swift */; };
		6328C33929CE2A4B00727FDA /* DessertViewController.swift in Sources */ = {isa = PBXBuildFile; fileRef = 6328C33429CE2A4B00727FDA /* DessertViewController.swift */; };
		63398A7629EEBE05009B154A /* IngredientsModel.swift in Sources */ = {isa = PBXBuildFile; fileRef = 63398A7529EEBE05009B154A /* IngredientsModel.swift */; };
		63398A7829EEBE7C009B154A /* HomeScreenViewModel.swift in Sources */ = {isa = PBXBuildFile; fileRef = 63398A7729EEBE7C009B154A /* HomeScreenViewModel.swift */; };
		63421EB129CBA8DC00D1D0DF /* WrapperViewAnimation.swift in Sources */ = {isa = PBXBuildFile; fileRef = 63421EB029CBA8DC00D1D0DF /* WrapperViewAnimation.swift */; };
		634E7F5429CB7CCA003996DD /* Sizes.swift in Sources */ = {isa = PBXBuildFile; fileRef = 634E7F5329CB7CCA003996DD /* Sizes.swift */; };
		634E7F5929CB8015003996DD /* UIView.swift in Sources */ = {isa = PBXBuildFile; fileRef = 634E7F5829CB8015003996DD /* UIView.swift */; };
		638E44E429C0173A00BA3A0B /* AppDelegate.swift in Sources */ = {isa = PBXBuildFile; fileRef = 638E44E329C0173A00BA3A0B /* AppDelegate.swift */; };
		638E44E629C0173A00BA3A0B /* SceneDelegate.swift in Sources */ = {isa = PBXBuildFile; fileRef = 638E44E529C0173A00BA3A0B /* SceneDelegate.swift */; };
		638E44E829C0173A00BA3A0B /* HomeScreenViewController.swift in Sources */ = {isa = PBXBuildFile; fileRef = 638E44E729C0173A00BA3A0B /* HomeScreenViewController.swift */; };
		638E44ED29C0173C00BA3A0B /* Assets.xcassets in Resources */ = {isa = PBXBuildFile; fileRef = 638E44EC29C0173C00BA3A0B /* Assets.xcassets */; };
		638E44F029C0173C00BA3A0B /* LaunchScreen.storyboard in Resources */ = {isa = PBXBuildFile; fileRef = 638E44EE29C0173C00BA3A0B /* LaunchScreen.storyboard */; };
		638E44FC29C01BDA00BA3A0B /* HomeScreen.swift in Sources */ = {isa = PBXBuildFile; fileRef = 638E44FB29C01BDA00BA3A0B /* HomeScreen.swift */; };
		638E44FE29C01C0700BA3A0B /* IngredientsTableViewCell.swift in Sources */ = {isa = PBXBuildFile; fileRef = 638E44FD29C01C0700BA3A0B /* IngredientsTableViewCell.swift */; };
		638E450129C01F8600BA3A0B /* TabBarViewController.swift in Sources */ = {isa = PBXBuildFile; fileRef = 638E450029C01F8600BA3A0B /* TabBarViewController.swift */; };
		638E450729C0217100BA3A0B /* LoginScreenViewController.swift in Sources */ = {isa = PBXBuildFile; fileRef = 638E450629C0217100BA3A0B /* LoginScreenViewController.swift */; };
		638E450929C0218D00BA3A0B /* LoginScreen.swift in Sources */ = {isa = PBXBuildFile; fileRef = 638E450829C0218D00BA3A0B /* LoginScreen.swift */; };
		638E450F29C0228200BA3A0B /* RegisterScreen.swift in Sources */ = {isa = PBXBuildFile; fileRef = 638E450E29C0228200BA3A0B /* RegisterScreen.swift */; };
		638E451129C022B300BA3A0B /* SucessRegisterScreen.swift in Sources */ = {isa = PBXBuildFile; fileRef = 638E451029C022B300BA3A0B /* SucessRegisterScreen.swift */; };
		638E451329C022C700BA3A0B /* RegisterScreenViewController.swift in Sources */ = {isa = PBXBuildFile; fileRef = 638E451229C022C700BA3A0B /* RegisterScreenViewController.swift */; };
		638E451529C022DF00BA3A0B /* SucessRegisterViewController.swift in Sources */ = {isa = PBXBuildFile; fileRef = 638E451429C022DF00BA3A0B /* SucessRegisterViewController.swift */; };
		638E451B29C0241A00BA3A0B /* ProfileScreen.swift in Sources */ = {isa = PBXBuildFile; fileRef = 638E451A29C0241A00BA3A0B /* ProfileScreen.swift */; };
		638E451D29C0242D00BA3A0B /* ProfileViewController.swift in Sources */ = {isa = PBXBuildFile; fileRef = 638E451C29C0242D00BA3A0B /* ProfileViewController.swift */; };
		6398100829D5E704004503B8 /* Nice Sugar.ttf in Resources */ = {isa = PBXBuildFile; fileRef = 6398100729D5E6DE004503B8 /* Nice Sugar.ttf */; };
		639DE0A129C3683000A0F37A /* RecipeStackView.swift in Sources */ = {isa = PBXBuildFile; fileRef = 639DE0A029C3683000A0F37A /* RecipeStackView.swift */; };
		63A6B7FE29C62E51002521EC /* VisitedsSteckView.swift in Sources */ = {isa = PBXBuildFile; fileRef = 63A6B7FD29C62E51002521EC /* VisitedsSteckView.swift */; };
		63C6786729D463ED00658E88 /* FavoriteScreen.swift in Sources */ = {isa = PBXBuildFile; fileRef = 63C6786629D463ED00658E88 /* FavoriteScreen.swift */; };
		63C6786929D463FC00658E88 /* FavoriteViewController.swift in Sources */ = {isa = PBXBuildFile; fileRef = 63C6786829D463FC00658E88 /* FavoriteViewController.swift */; };
		63C6786C29D47E5D00658E88 /* FavoriteCollectionViewCell.swift in Sources */ = {isa = PBXBuildFile; fileRef = 63C6786B29D47E5D00658E88 /* FavoriteCollectionViewCell.swift */; };
		63C6786F29D52F3A00658E88 /* StarsStackView.swift in Sources */ = {isa = PBXBuildFile; fileRef = 63C6786E29D52F3A00658E88 /* StarsStackView.swift */; };
		63C6787A29D5410200658E88 /* DiscoverCollectionViewCell.swift in Sources */ = {isa = PBXBuildFile; fileRef = 63C6787329D5410200658E88 /* DiscoverCollectionViewCell.swift */; };
		63C6787B29D5410200658E88 /* DiscoverViewController.swift in Sources */ = {isa = PBXBuildFile; fileRef = 63C6787529D5410200658E88 /* DiscoverViewController.swift */; };
		63C6787C29D5410200658E88 /* DiscoverScreen.swift in Sources */ = {isa = PBXBuildFile; fileRef = 63C6787729D5410200658E88 /* DiscoverScreen.swift */; };
		63C6787D29D5410200658E88 /* DiscoverStackView.swift in Sources */ = {isa = PBXBuildFile; fileRef = 63C6787929D5410200658E88 /* DiscoverStackView.swift */; };
		C4B7145C29F9408B003DC323 /* RegisterModel.swift in Sources */ = {isa = PBXBuildFile; fileRef = C4B7145B29F9408B003DC323 /* RegisterModel.swift */; };
		C4B7145E29F940AA003DC323 /* RegisterViewModel.swift in Sources */ = {isa = PBXBuildFile; fileRef = C4B7145D29F940AA003DC323 /* RegisterViewModel.swift */; };
		C4B7146029F949A0003DC323 /* SucessRegisterModel.swift in Sources */ = {isa = PBXBuildFile; fileRef = C4B7145F29F949A0003DC323 /* SucessRegisterModel.swift */; };
		C4B7146229F94A18003DC323 /* SucessRegisterViewModel.swift in Sources */ = {isa = PBXBuildFile; fileRef = C4B7146129F94A18003DC323 /* SucessRegisterViewModel.swift */; };
		C4B7146B29F95DD1003DC323 /* DiscoverViewModel.swift in Sources */ = {isa = PBXBuildFile; fileRef = C4B7146A29F95DD1003DC323 /* DiscoverViewModel.swift */; };
		C4B7147029F96508003DC323 /* DiscoverModel.swift in Sources */ = {isa = PBXBuildFile; fileRef = C4B7146F29F96508003DC323 /* DiscoverModel.swift */; };
		C4CC787729F846140055DC8A /* RecipeViewModel.swift in Sources */ = {isa = PBXBuildFile; fileRef = C4CC787629F846140055DC8A /* RecipeViewModel.swift */; };
		C4CC787929F849050055DC8A /* LoginModel.swift in Sources */ = {isa = PBXBuildFile; fileRef = C4CC787829F849050055DC8A /* LoginModel.swift */; };
		C4CC787B29F849280055DC8A /* LoginViewModel.swift in Sources */ = {isa = PBXBuildFile; fileRef = C4CC787A29F849280055DC8A /* LoginViewModel.swift */; };
/* End PBXBuildFile section */

/* Begin PBXFileReference section */
		63035C1E29DB8A40006B6F83 /* RecipeModel.swift */ = {isa = PBXFileReference; lastKnownFileType = sourcecode.swift; path = RecipeModel.swift; sourceTree = "<group>"; };
		63035C2629DB9CCE006B6F83 /* en */ = {isa = PBXFileReference; lastKnownFileType = text.plist.strings; name = en; path = en.lproj/Localizable.strings; sourceTree = "<group>"; };
		6307066429E2FBD000D61DAF /* SearchedFieldTableView.swift */ = {isa = PBXFileReference; lastKnownFileType = sourcecode.swift; path = SearchedFieldTableView.swift; sourceTree = "<group>"; };
		6308BCEB29C0E3CA00104398 /* RecipeViewController.swift */ = {isa = PBXFileReference; lastKnownFileType = sourcecode.swift; path = RecipeViewController.swift; sourceTree = "<group>"; };
		6308BCEE29C0E41E00104398 /* RecipeScreen.swift */ = {isa = PBXFileReference; lastKnownFileType = sourcecode.swift; path = RecipeScreen.swift; sourceTree = "<group>"; };
		6308BCF229C0E8E500104398 /* RecipeScreenCollectionViewCell.swift */ = {isa = PBXFileReference; lastKnownFileType = sourcecode.swift; path = RecipeScreenCollectionViewCell.swift; sourceTree = "<group>"; };
		631C70AA29CD4D8A00074D35 /* HotRecipeStackView.swift */ = {isa = PBXFileReference; fileEncoding = 4; lastKnownFileType = sourcecode.swift; path = HotRecipeStackView.swift; sourceTree = "<group>"; };
		631C70AC29CD4D8A00074D35 /* HotMealsCollectionViewCell.swift */ = {isa = PBXFileReference; fileEncoding = 4; lastKnownFileType = sourcecode.swift; path = HotMealsCollectionViewCell.swift; sourceTree = "<group>"; };
		631C70AE29CD4D8A00074D35 /* HotMealsScreen.swift */ = {isa = PBXFileReference; fileEncoding = 4; lastKnownFileType = sourcecode.swift; path = HotMealsScreen.swift; sourceTree = "<group>"; };
		631C70B029CD4D8A00074D35 /* HotRecipe.swift */ = {isa = PBXFileReference; fileEncoding = 4; lastKnownFileType = sourcecode.swift; path = HotRecipe.swift; sourceTree = "<group>"; };
		631C70B229CD4D8A00074D35 /* HotMealsViewController.swift */ = {isa = PBXFileReference; fileEncoding = 4; lastKnownFileType = sourcecode.swift; path = HotMealsViewController.swift; sourceTree = "<group>"; };
		631C70B529CD4D8A00074D35 /* BreakFastStackView.swift */ = {isa = PBXFileReference; fileEncoding = 4; lastKnownFileType = sourcecode.swift; path = BreakFastStackView.swift; sourceTree = "<group>"; };
		631C70B729CD4D8A00074D35 /* BreakfastCollectionViewCell.swift */ = {isa = PBXFileReference; fileEncoding = 4; lastKnownFileType = sourcecode.swift; path = BreakfastCollectionViewCell.swift; sourceTree = "<group>"; };
		631C70B929CD4D8A00074D35 /* BreakfastScreen.swift */ = {isa = PBXFileReference; fileEncoding = 4; lastKnownFileType = sourcecode.swift; path = BreakfastScreen.swift; sourceTree = "<group>"; };
		631C70BB29CD4D8A00074D35 /* BreakfastRecipe.swift */ = {isa = PBXFileReference; fileEncoding = 4; lastKnownFileType = sourcecode.swift; path = BreakfastRecipe.swift; sourceTree = "<group>"; };
		631C70BD29CD4D8A00074D35 /* BreakfastViewController.swift */ = {isa = PBXFileReference; fileEncoding = 4; lastKnownFileType = sourcecode.swift; path = BreakfastViewController.swift; sourceTree = "<group>"; };
		6328C30A29CDE88700727FDA /* SnackStackView.swift */ = {isa = PBXFileReference; lastKnownFileType = sourcecode.swift; path = SnackStackView.swift; sourceTree = "<group>"; };
		6328C30D29CDE8F000727FDA /* SnackCollectionViewCell.swift */ = {isa = PBXFileReference; lastKnownFileType = sourcecode.swift; path = SnackCollectionViewCell.swift; sourceTree = "<group>"; };
		6328C31029CDE94400727FDA /* SnackScreen.swift */ = {isa = PBXFileReference; lastKnownFileType = sourcecode.swift; path = SnackScreen.swift; sourceTree = "<group>"; };
		6328C31329CDE97500727FDA /* SnackRecipe.swift */ = {isa = PBXFileReference; lastKnownFileType = sourcecode.swift; path = SnackRecipe.swift; sourceTree = "<group>"; };
		6328C31629CDE99E00727FDA /* SnackViewController.swift */ = {isa = PBXFileReference; lastKnownFileType = sourcecode.swift; path = SnackViewController.swift; sourceTree = "<group>"; };
		6328C31C29CE2A1A00727FDA /* LunchStackView.swift */ = {isa = PBXFileReference; fileEncoding = 4; lastKnownFileType = sourcecode.swift; path = LunchStackView.swift; sourceTree = "<group>"; };
		6328C31E29CE2A1A00727FDA /* LunchCollectionViewCell.swift */ = {isa = PBXFileReference; fileEncoding = 4; lastKnownFileType = sourcecode.swift; path = LunchCollectionViewCell.swift; sourceTree = "<group>"; };
		6328C32029CE2A1A00727FDA /* LunchScreen.swift */ = {isa = PBXFileReference; fileEncoding = 4; lastKnownFileType = sourcecode.swift; path = LunchScreen.swift; sourceTree = "<group>"; };
		6328C32229CE2A1A00727FDA /* LunchRecipe.swift */ = {isa = PBXFileReference; fileEncoding = 4; lastKnownFileType = sourcecode.swift; path = LunchRecipe.swift; sourceTree = "<group>"; };
		6328C32429CE2A1A00727FDA /* LunchViewController.swift */ = {isa = PBXFileReference; fileEncoding = 4; lastKnownFileType = sourcecode.swift; path = LunchViewController.swift; sourceTree = "<group>"; };
		6328C32C29CE2A4B00727FDA /* DessertStackView.swift */ = {isa = PBXFileReference; fileEncoding = 4; lastKnownFileType = sourcecode.swift; path = DessertStackView.swift; sourceTree = "<group>"; };
		6328C32E29CE2A4B00727FDA /* DessertCollectionViewCell.swift */ = {isa = PBXFileReference; fileEncoding = 4; lastKnownFileType = sourcecode.swift; path = DessertCollectionViewCell.swift; sourceTree = "<group>"; };
		6328C33029CE2A4B00727FDA /* DessertScreen.swift */ = {isa = PBXFileReference; fileEncoding = 4; lastKnownFileType = sourcecode.swift; path = DessertScreen.swift; sourceTree = "<group>"; };
		6328C33229CE2A4B00727FDA /* DessertRecipe.swift */ = {isa = PBXFileReference; fileEncoding = 4; lastKnownFileType = sourcecode.swift; path = DessertRecipe.swift; sourceTree = "<group>"; };
		6328C33429CE2A4B00727FDA /* DessertViewController.swift */ = {isa = PBXFileReference; fileEncoding = 4; lastKnownFileType = sourcecode.swift; path = DessertViewController.swift; sourceTree = "<group>"; };
		63398A7529EEBE05009B154A /* IngredientsModel.swift */ = {isa = PBXFileReference; lastKnownFileType = sourcecode.swift; path = IngredientsModel.swift; sourceTree = "<group>"; };
		63398A7729EEBE7C009B154A /* HomeScreenViewModel.swift */ = {isa = PBXFileReference; lastKnownFileType = sourcecode.swift; path = HomeScreenViewModel.swift; sourceTree = "<group>"; };
		63421EB029CBA8DC00D1D0DF /* WrapperViewAnimation.swift */ = {isa = PBXFileReference; lastKnownFileType = sourcecode.swift; path = WrapperViewAnimation.swift; sourceTree = "<group>"; };
		634E7F5329CB7CCA003996DD /* Sizes.swift */ = {isa = PBXFileReference; lastKnownFileType = sourcecode.swift; path = Sizes.swift; sourceTree = "<group>"; };
		634E7F5829CB8015003996DD /* UIView.swift */ = {isa = PBXFileReference; lastKnownFileType = sourcecode.swift; path = UIView.swift; sourceTree = "<group>"; };
		638E44E029C0173A00BA3A0B /* SmartChef-Oficial.app */ = {isa = PBXFileReference; explicitFileType = wrapper.application; includeInIndex = 0; path = "SmartChef-Oficial.app"; sourceTree = BUILT_PRODUCTS_DIR; };
		638E44E329C0173A00BA3A0B /* AppDelegate.swift */ = {isa = PBXFileReference; lastKnownFileType = sourcecode.swift; path = AppDelegate.swift; sourceTree = "<group>"; };
		638E44E529C0173A00BA3A0B /* SceneDelegate.swift */ = {isa = PBXFileReference; lastKnownFileType = sourcecode.swift; path = SceneDelegate.swift; sourceTree = "<group>"; };
		638E44E729C0173A00BA3A0B /* HomeScreenViewController.swift */ = {isa = PBXFileReference; lastKnownFileType = sourcecode.swift; path = HomeScreenViewController.swift; sourceTree = "<group>"; };
		638E44EC29C0173C00BA3A0B /* Assets.xcassets */ = {isa = PBXFileReference; lastKnownFileType = folder.assetcatalog; path = Assets.xcassets; sourceTree = "<group>"; };
		638E44EF29C0173C00BA3A0B /* Base */ = {isa = PBXFileReference; lastKnownFileType = file.storyboard; name = Base; path = Base.lproj/LaunchScreen.storyboard; sourceTree = "<group>"; };
		638E44F129C0173C00BA3A0B /* Info.plist */ = {isa = PBXFileReference; lastKnownFileType = text.plist.xml; path = Info.plist; sourceTree = "<group>"; };
		638E44FB29C01BDA00BA3A0B /* HomeScreen.swift */ = {isa = PBXFileReference; lastKnownFileType = sourcecode.swift; path = HomeScreen.swift; sourceTree = "<group>"; };
		638E44FD29C01C0700BA3A0B /* IngredientsTableViewCell.swift */ = {isa = PBXFileReference; lastKnownFileType = sourcecode.swift; path = IngredientsTableViewCell.swift; sourceTree = "<group>"; };
		638E450029C01F8600BA3A0B /* TabBarViewController.swift */ = {isa = PBXFileReference; lastKnownFileType = sourcecode.swift; path = TabBarViewController.swift; sourceTree = "<group>"; };
		638E450629C0217100BA3A0B /* LoginScreenViewController.swift */ = {isa = PBXFileReference; lastKnownFileType = sourcecode.swift; path = LoginScreenViewController.swift; sourceTree = "<group>"; };
		638E450829C0218D00BA3A0B /* LoginScreen.swift */ = {isa = PBXFileReference; lastKnownFileType = sourcecode.swift; path = LoginScreen.swift; sourceTree = "<group>"; };
		638E450E29C0228200BA3A0B /* RegisterScreen.swift */ = {isa = PBXFileReference; lastKnownFileType = sourcecode.swift; path = RegisterScreen.swift; sourceTree = "<group>"; };
		638E451029C022B300BA3A0B /* SucessRegisterScreen.swift */ = {isa = PBXFileReference; lastKnownFileType = sourcecode.swift; path = SucessRegisterScreen.swift; sourceTree = "<group>"; };
		638E451229C022C700BA3A0B /* RegisterScreenViewController.swift */ = {isa = PBXFileReference; lastKnownFileType = sourcecode.swift; path = RegisterScreenViewController.swift; sourceTree = "<group>"; };
		638E451429C022DF00BA3A0B /* SucessRegisterViewController.swift */ = {isa = PBXFileReference; lastKnownFileType = sourcecode.swift; path = SucessRegisterViewController.swift; sourceTree = "<group>"; };
		638E451A29C0241A00BA3A0B /* ProfileScreen.swift */ = {isa = PBXFileReference; lastKnownFileType = sourcecode.swift; path = ProfileScreen.swift; sourceTree = "<group>"; };
		638E451C29C0242D00BA3A0B /* ProfileViewController.swift */ = {isa = PBXFileReference; lastKnownFileType = sourcecode.swift; path = ProfileViewController.swift; sourceTree = "<group>"; };
		6398100729D5E6DE004503B8 /* Nice Sugar.ttf */ = {isa = PBXFileReference; lastKnownFileType = file; path = "Nice Sugar.ttf"; sourceTree = "<group>"; };
		639DE0A029C3683000A0F37A /* RecipeStackView.swift */ = {isa = PBXFileReference; lastKnownFileType = sourcecode.swift; path = RecipeStackView.swift; sourceTree = "<group>"; };
		63A6B7FD29C62E51002521EC /* VisitedsSteckView.swift */ = {isa = PBXFileReference; lastKnownFileType = sourcecode.swift; path = VisitedsSteckView.swift; sourceTree = "<group>"; };
		63C6786629D463ED00658E88 /* FavoriteScreen.swift */ = {isa = PBXFileReference; lastKnownFileType = sourcecode.swift; path = FavoriteScreen.swift; sourceTree = "<group>"; };
		63C6786829D463FC00658E88 /* FavoriteViewController.swift */ = {isa = PBXFileReference; lastKnownFileType = sourcecode.swift; path = FavoriteViewController.swift; sourceTree = "<group>"; };
		63C6786B29D47E5D00658E88 /* FavoriteCollectionViewCell.swift */ = {isa = PBXFileReference; lastKnownFileType = sourcecode.swift; path = FavoriteCollectionViewCell.swift; sourceTree = "<group>"; };
		63C6786E29D52F3A00658E88 /* StarsStackView.swift */ = {isa = PBXFileReference; lastKnownFileType = sourcecode.swift; path = StarsStackView.swift; sourceTree = "<group>"; };
		63C6787329D5410200658E88 /* DiscoverCollectionViewCell.swift */ = {isa = PBXFileReference; fileEncoding = 4; lastKnownFileType = sourcecode.swift; path = DiscoverCollectionViewCell.swift; sourceTree = "<group>"; };
		63C6787529D5410200658E88 /* DiscoverViewController.swift */ = {isa = PBXFileReference; fileEncoding = 4; lastKnownFileType = sourcecode.swift; path = DiscoverViewController.swift; sourceTree = "<group>"; };
		63C6787729D5410200658E88 /* DiscoverScreen.swift */ = {isa = PBXFileReference; fileEncoding = 4; lastKnownFileType = sourcecode.swift; path = DiscoverScreen.swift; sourceTree = "<group>"; };
		63C6787929D5410200658E88 /* DiscoverStackView.swift */ = {isa = PBXFileReference; fileEncoding = 4; lastKnownFileType = sourcecode.swift; path = DiscoverStackView.swift; sourceTree = "<group>"; };
		C4B7145B29F9408B003DC323 /* RegisterModel.swift */ = {isa = PBXFileReference; lastKnownFileType = sourcecode.swift; path = RegisterModel.swift; sourceTree = "<group>"; };
		C4B7145D29F940AA003DC323 /* RegisterViewModel.swift */ = {isa = PBXFileReference; lastKnownFileType = sourcecode.swift; path = RegisterViewModel.swift; sourceTree = "<group>"; };
		C4B7145F29F949A0003DC323 /* SucessRegisterModel.swift */ = {isa = PBXFileReference; lastKnownFileType = sourcecode.swift; path = SucessRegisterModel.swift; sourceTree = "<group>"; };
		C4B7146129F94A18003DC323 /* SucessRegisterViewModel.swift */ = {isa = PBXFileReference; lastKnownFileType = sourcecode.swift; path = SucessRegisterViewModel.swift; sourceTree = "<group>"; };
		C4B7146A29F95DD1003DC323 /* DiscoverViewModel.swift */ = {isa = PBXFileReference; lastKnownFileType = sourcecode.swift; path = DiscoverViewModel.swift; sourceTree = "<group>"; };
		C4B7146F29F96508003DC323 /* DiscoverModel.swift */ = {isa = PBXFileReference; lastKnownFileType = sourcecode.swift; path = DiscoverModel.swift; sourceTree = "<group>"; };
		C4CC787629F846140055DC8A /* RecipeViewModel.swift */ = {isa = PBXFileReference; lastKnownFileType = sourcecode.swift; path = RecipeViewModel.swift; sourceTree = "<group>"; };
		C4CC787829F849050055DC8A /* LoginModel.swift */ = {isa = PBXFileReference; lastKnownFileType = sourcecode.swift; path = LoginModel.swift; sourceTree = "<group>"; };
		C4CC787A29F849280055DC8A /* LoginViewModel.swift */ = {isa = PBXFileReference; lastKnownFileType = sourcecode.swift; path = LoginViewModel.swift; sourceTree = "<group>"; };
/* End PBXFileReference section */

/* Begin PBXFrameworksBuildPhase section */
		638E44DD29C0173A00BA3A0B /* Frameworks */ = {
			isa = PBXFrameworksBuildPhase;
			buildActionMask = 2147483647;
			files = (
			);
			runOnlyForDeploymentPostprocessing = 0;
		};
/* End PBXFrameworksBuildPhase section */

/* Begin PBXGroup section */
		63035C2229DB9C98006B6F83 /* TranslateByLocalization */ = {
			isa = PBXGroup;
			children = (
				63035C2729DB9CCE006B6F83 /* Localizable.strings */,
			);
			path = TranslateByLocalization;
			sourceTree = "<group>";
		};
		6308BCEA29C0E3A500104398 /* Recipe */ = {
			isa = PBXGroup;
			children = (
				C4CC787529F83CD90055DC8A /* Cell */,
				C4CC786329F83A0E0055DC8A /* Model */,
				C4CC786129F839F40055DC8A /* View */,
				C4CC786429F83A170055DC8A /* ViewModel */,
			);
			path = Recipe;
			sourceTree = "<group>";
		};
		631C70A729CD4D8A00074D35 /* Meals */ = {
			isa = PBXGroup;
			children = (
				6328C32A29CE2A4B00727FDA /* Dessert */,
				6328C31A29CE2A1A00727FDA /* Lunch */,
				6328C30829CDE85600727FDA /* Snack */,
				631C70A829CD4D8A00074D35 /* HotMeals */,
				631C70B329CD4D8A00074D35 /* BreakFast */,
			);
			path = Meals;
			sourceTree = "<group>";
		};
		631C70A829CD4D8A00074D35 /* HotMeals */ = {
			isa = PBXGroup;
			children = (
				631C70A929CD4D8A00074D35 /* StackVIews */,
				631C70AB29CD4D8A00074D35 /* Cell */,
				631C70AD29CD4D8A00074D35 /* Screen */,
				631C70AF29CD4D8A00074D35 /* Model */,
				631C70B129CD4D8A00074D35 /* ViewController */,
			);
			path = HotMeals;
			sourceTree = "<group>";
		};
		631C70A929CD4D8A00074D35 /* StackVIews */ = {
			isa = PBXGroup;
			children = (
				631C70AA29CD4D8A00074D35 /* HotRecipeStackView.swift */,
			);
			path = StackVIews;
			sourceTree = "<group>";
		};
		631C70AB29CD4D8A00074D35 /* Cell */ = {
			isa = PBXGroup;
			children = (
				631C70AC29CD4D8A00074D35 /* HotMealsCollectionViewCell.swift */,
			);
			path = Cell;
			sourceTree = "<group>";
		};
		631C70AD29CD4D8A00074D35 /* Screen */ = {
			isa = PBXGroup;
			children = (
				631C70AE29CD4D8A00074D35 /* HotMealsScreen.swift */,
			);
			path = Screen;
			sourceTree = "<group>";
		};
		631C70AF29CD4D8A00074D35 /* Model */ = {
			isa = PBXGroup;
			children = (
				631C70B029CD4D8A00074D35 /* HotRecipe.swift */,
			);
			path = Model;
			sourceTree = "<group>";
		};
		631C70B129CD4D8A00074D35 /* ViewController */ = {
			isa = PBXGroup;
			children = (
				631C70B229CD4D8A00074D35 /* HotMealsViewController.swift */,
			);
			path = ViewController;
			sourceTree = "<group>";
		};
		631C70B329CD4D8A00074D35 /* BreakFast */ = {
			isa = PBXGroup;
			children = (
				631C70B429CD4D8A00074D35 /* StackViews */,
				631C70B629CD4D8A00074D35 /* Cell */,
				631C70B829CD4D8A00074D35 /* BreakfastScreen */,
				631C70BA29CD4D8A00074D35 /* Model */,
				631C70BC29CD4D8A00074D35 /* ViewController */,
			);
			path = BreakFast;
			sourceTree = "<group>";
		};
		631C70B429CD4D8A00074D35 /* StackViews */ = {
			isa = PBXGroup;
			children = (
				631C70B529CD4D8A00074D35 /* BreakFastStackView.swift */,
			);
			path = StackViews;
			sourceTree = "<group>";
		};
		631C70B629CD4D8A00074D35 /* Cell */ = {
			isa = PBXGroup;
			children = (
				631C70B729CD4D8A00074D35 /* BreakfastCollectionViewCell.swift */,
			);
			path = Cell;
			sourceTree = "<group>";
		};
		631C70B829CD4D8A00074D35 /* BreakfastScreen */ = {
			isa = PBXGroup;
			children = (
				631C70B929CD4D8A00074D35 /* BreakfastScreen.swift */,
			);
			path = BreakfastScreen;
			sourceTree = "<group>";
		};
		631C70BA29CD4D8A00074D35 /* Model */ = {
			isa = PBXGroup;
			children = (
				631C70BB29CD4D8A00074D35 /* BreakfastRecipe.swift */,
			);
			path = Model;
			sourceTree = "<group>";
		};
		631C70BC29CD4D8A00074D35 /* ViewController */ = {
			isa = PBXGroup;
			children = (
				631C70BD29CD4D8A00074D35 /* BreakfastViewController.swift */,
			);
			path = ViewController;
			sourceTree = "<group>";
		};
		6328C30829CDE85600727FDA /* Snack */ = {
			isa = PBXGroup;
			children = (
				6328C31529CDE98B00727FDA /* ViewController */,
				6328C31229CDE95600727FDA /* Model */,
				6328C30F29CDE92F00727FDA /* Screen */,
				6328C30C29CDE8BF00727FDA /* Cell */,
				6328C30929CDE86E00727FDA /* StackView */,
			);
			path = Snack;
			sourceTree = "<group>";
		};
		6328C30929CDE86E00727FDA /* StackView */ = {
			isa = PBXGroup;
			children = (
				6328C30A29CDE88700727FDA /* SnackStackView.swift */,
			);
			path = StackView;
			sourceTree = "<group>";
		};
		6328C30C29CDE8BF00727FDA /* Cell */ = {
			isa = PBXGroup;
			children = (
				6328C30D29CDE8F000727FDA /* SnackCollectionViewCell.swift */,
			);
			path = Cell;
			sourceTree = "<group>";
		};
		6328C30F29CDE92F00727FDA /* Screen */ = {
			isa = PBXGroup;
			children = (
				6328C31029CDE94400727FDA /* SnackScreen.swift */,
			);
			path = Screen;
			sourceTree = "<group>";
		};
		6328C31229CDE95600727FDA /* Model */ = {
			isa = PBXGroup;
			children = (
				6328C31329CDE97500727FDA /* SnackRecipe.swift */,
			);
			path = Model;
			sourceTree = "<group>";
		};
		6328C31529CDE98B00727FDA /* ViewController */ = {
			isa = PBXGroup;
			children = (
				6328C31629CDE99E00727FDA /* SnackViewController.swift */,
			);
			path = ViewController;
			sourceTree = "<group>";
		};
		6328C31A29CE2A1A00727FDA /* Lunch */ = {
			isa = PBXGroup;
			children = (
				6328C31B29CE2A1A00727FDA /* StackView */,
				6328C31D29CE2A1A00727FDA /* Cell */,
				6328C31F29CE2A1A00727FDA /* Screen */,
				6328C32129CE2A1A00727FDA /* Model */,
				6328C32329CE2A1A00727FDA /* ViewController */,
			);
			path = Lunch;
			sourceTree = "<group>";
		};
		6328C31B29CE2A1A00727FDA /* StackView */ = {
			isa = PBXGroup;
			children = (
				6328C31C29CE2A1A00727FDA /* LunchStackView.swift */,
			);
			path = StackView;
			sourceTree = "<group>";
		};
		6328C31D29CE2A1A00727FDA /* Cell */ = {
			isa = PBXGroup;
			children = (
				6328C31E29CE2A1A00727FDA /* LunchCollectionViewCell.swift */,
			);
			path = Cell;
			sourceTree = "<group>";
		};
		6328C31F29CE2A1A00727FDA /* Screen */ = {
			isa = PBXGroup;
			children = (
				6328C32029CE2A1A00727FDA /* LunchScreen.swift */,
			);
			path = Screen;
			sourceTree = "<group>";
		};
		6328C32129CE2A1A00727FDA /* Model */ = {
			isa = PBXGroup;
			children = (
				6328C32229CE2A1A00727FDA /* LunchRecipe.swift */,
			);
			path = Model;
			sourceTree = "<group>";
		};
		6328C32329CE2A1A00727FDA /* ViewController */ = {
			isa = PBXGroup;
			children = (
				6328C32429CE2A1A00727FDA /* LunchViewController.swift */,
			);
			path = ViewController;
			sourceTree = "<group>";
		};
		6328C32A29CE2A4B00727FDA /* Dessert */ = {
			isa = PBXGroup;
			children = (
				6328C32B29CE2A4B00727FDA /* StackView */,
				6328C32D29CE2A4B00727FDA /* Cell */,
				6328C32F29CE2A4B00727FDA /* Screen */,
				6328C33129CE2A4B00727FDA /* Model */,
				6328C33329CE2A4B00727FDA /* ViewController */,
			);
			path = Dessert;
			sourceTree = "<group>";
		};
		6328C32B29CE2A4B00727FDA /* StackView */ = {
			isa = PBXGroup;
			children = (
				6328C32C29CE2A4B00727FDA /* DessertStackView.swift */,
			);
			path = StackView;
			sourceTree = "<group>";
		};
		6328C32D29CE2A4B00727FDA /* Cell */ = {
			isa = PBXGroup;
			children = (
				6328C32E29CE2A4B00727FDA /* DessertCollectionViewCell.swift */,
			);
			path = Cell;
			sourceTree = "<group>";
		};
		6328C32F29CE2A4B00727FDA /* Screen */ = {
			isa = PBXGroup;
			children = (
				6328C33029CE2A4B00727FDA /* DessertScreen.swift */,
			);
			path = Screen;
			sourceTree = "<group>";
		};
		6328C33129CE2A4B00727FDA /* Model */ = {
			isa = PBXGroup;
			children = (
				6328C33229CE2A4B00727FDA /* DessertRecipe.swift */,
			);
			path = Model;
			sourceTree = "<group>";
		};
		6328C33329CE2A4B00727FDA /* ViewController */ = {
			isa = PBXGroup;
			children = (
				6328C33429CE2A4B00727FDA /* DessertViewController.swift */,
			);
			path = ViewController;
			sourceTree = "<group>";
		};
		634E7F5229CB7CA2003996DD /* Utils */ = {
			isa = PBXGroup;
			children = (
				634E7F5829CB8015003996DD /* UIView.swift */,
				634E7F5329CB7CCA003996DD /* Sizes.swift */,
				63421EB029CBA8DC00D1D0DF /* WrapperViewAnimation.swift */,
			);
			path = Utils;
			sourceTree = "<group>";
		};
		635E857029DCB6D900DF1FCB /* SuccessRegisterScreen */ = {
			isa = PBXGroup;
			children = (
				C4CC785429F837760055DC8A /* Model */,
				C4CC785529F8377F0055DC8A /* View */,
				C4CC785629F837870055DC8A /* ViewModel */,
			);
			path = SuccessRegisterScreen;
			sourceTree = "<group>";
		};
		635E857129DCB79C00DF1FCB /* StackViews */ = {
			isa = PBXGroup;
			children = (
				63C6786E29D52F3A00658E88 /* StarsStackView.swift */,
				63A6B7FD29C62E51002521EC /* VisitedsSteckView.swift */,
				639DE0A029C3683000A0F37A /* RecipeStackView.swift */,
				63C6787929D5410200658E88 /* DiscoverStackView.swift */,
			);
			path = StackViews;
			sourceTree = "<group>";
		};
		638E44D729C0173A00BA3A0B = {
			isa = PBXGroup;
			children = (
				638E44E229C0173A00BA3A0B /* SmartChef-Oficial */,
				638E44E129C0173A00BA3A0B /* Products */,
			);
			sourceTree = "<group>";
		};
		638E44E129C0173A00BA3A0B /* Products */ = {
			isa = PBXGroup;
			children = (
				638E44E029C0173A00BA3A0B /* SmartChef-Oficial.app */,
			);
			name = Products;
			sourceTree = "<group>";
		};
		638E44E229C0173A00BA3A0B /* SmartChef-Oficial */ = {
			isa = PBXGroup;
			children = (
				63035C2229DB9C98006B6F83 /* TranslateByLocalization */,
				634E7F5229CB7CA2003996DD /* Utils */,
				635E857129DCB79C00DF1FCB /* StackViews */,
				638E44FF29C01F5500BA3A0B /* TabBar */,
				635E857029DCB6D900DF1FCB /* SuccessRegisterScreen */,
				638E450D29C0226400BA3A0B /* RegisterScreen */,
				638E450429C0215600BA3A0B /* LoginScreen */,
				C4CC784B29F835640055DC8A /* Resources */,
				638E44F129C0173C00BA3A0B /* Info.plist */,
			);
			path = "SmartChef-Oficial";
			sourceTree = "<group>";
		};
		638E44F929C01B5E00BA3A0B /* Home */ = {
			isa = PBXGroup;
			children = (
				C4CC787129F83BBE0055DC8A /* Cell */,
				C4CC785A29F837B00055DC8A /* Model */,
				C4CC785929F837AA0055DC8A /* View */,
			);
			path = Home;
			sourceTree = "<group>";
		};
		638E44FF29C01F5500BA3A0B /* TabBar */ = {
			isa = PBXGroup;
			children = (
				C4CC785C29F837F20055DC8A /* TabBar */,
				638E451829C023FB00BA3A0B /* Profile */,
				63C6786529D462DB00658E88 /* Favorite */,
				6308BCEA29C0E3A500104398 /* Recipe */,
				638E44F929C01B5E00BA3A0B /* Home */,
			);
			path = TabBar;
			sourceTree = "<group>";
		};
		638E450429C0215600BA3A0B /* LoginScreen */ = {
			isa = PBXGroup;
			children = (
				C4CC784E29F836EC0055DC8A /* Model */,
				C4CC784C29F836D80055DC8A /* View */,
				C4CC784F29F836F30055DC8A /* ViewModel */,
			);
			path = LoginScreen;
			sourceTree = "<group>";
		};
		638E450D29C0226400BA3A0B /* RegisterScreen */ = {
			isa = PBXGroup;
			children = (
				C4CC785229F8371F0055DC8A /* Model */,
				C4CC785029F837090055DC8A /* View */,
				C4CC785329F837230055DC8A /* ViewModel */,
			);
			path = RegisterScreen;
			sourceTree = "<group>";
		};
		638E451829C023FB00BA3A0B /* Profile */ = {
			isa = PBXGroup;
			children = (
				C4CC786B29F83A6E0055DC8A /* Model */,
				C4CC786A29F83A6A0055DC8A /* View */,
				C4CC786929F83A630055DC8A /* ViewModel */,
			);
			path = Profile;
			sourceTree = "<group>";
		};
		63C6786529D462DB00658E88 /* Favorite */ = {
			isa = PBXGroup;
			children = (
				C4CC787229F83BF30055DC8A /* Cell */,
				C4CC786629F83A290055DC8A /* Model */,
				C4CC786529F83A230055DC8A /* View */,
				C4CC786729F83A2D0055DC8A /* ViewModel */,
			);
			path = Favorite;
			sourceTree = "<group>";
		};
		63C6787629D5410200658E88 /* DiscoverScreen */ = {
			isa = PBXGroup;
			children = (
				C4B7146E29F964CA003DC323 /* DiscoverModel */,
				C4CC786F29F83B640055DC8A /* Cell */,
				C4CC785E29F838B00055DC8A /* Screen */,
				C4CC785F29F838BA0055DC8A /* ViewModel */,
			);
			path = DiscoverScreen;
			sourceTree = "<group>";
		};
		C4B7146929F95AA9003DC323 /* Screen */ = {
			isa = PBXGroup;
			children = (
				638E44FB29C01BDA00BA3A0B /* HomeScreen.swift */,
				638E44E729C0173A00BA3A0B /* HomeScreenViewController.swift */,
			);
			path = Screen;
			sourceTree = "<group>";
		};
		C4B7146E29F964CA003DC323 /* DiscoverModel */ = {
			isa = PBXGroup;
			children = (
				C4B7146F29F96508003DC323 /* DiscoverModel.swift */,
			);
			path = DiscoverModel;
			sourceTree = "<group>";
		};
		C4CC784B29F835640055DC8A /* Resources */ = {
			isa = PBXGroup;
			children = (
				638E44E329C0173A00BA3A0B /* AppDelegate.swift */,
				638E44E529C0173A00BA3A0B /* SceneDelegate.swift */,
				638E44EC29C0173C00BA3A0B /* Assets.xcassets */,
				638E44EE29C0173C00BA3A0B /* LaunchScreen.storyboard */,
				6398100729D5E6DE004503B8 /* Nice Sugar.ttf */,
			);
			path = Resources;
			sourceTree = "<group>";
		};
		C4CC784C29F836D80055DC8A /* View */ = {
			isa = PBXGroup;
			children = (
				C4CC784D29F836E10055DC8A /* Screen */,
			);
			path = View;
			sourceTree = "<group>";
		};
		C4CC784D29F836E10055DC8A /* Screen */ = {
			isa = PBXGroup;
			children = (
				638E450829C0218D00BA3A0B /* LoginScreen.swift */,
				638E450629C0217100BA3A0B /* LoginScreenViewController.swift */,
			);
			path = Screen;
			sourceTree = "<group>";
		};
		C4CC784E29F836EC0055DC8A /* Model */ = {
			isa = PBXGroup;
			children = (
				C4CC787829F849050055DC8A /* LoginModel.swift */,
			);
			path = Model;
			sourceTree = "<group>";
		};
		C4CC784F29F836F30055DC8A /* ViewModel */ = {
			isa = PBXGroup;
			children = (
				C4CC787A29F849280055DC8A /* LoginViewModel.swift */,
			);
			path = ViewModel;
			sourceTree = "<group>";
		};
		C4CC785029F837090055DC8A /* View */ = {
			isa = PBXGroup;
			children = (
				C4CC785129F8370E0055DC8A /* Screen */,
			);
			path = View;
			sourceTree = "<group>";
		};
		C4CC785129F8370E0055DC8A /* Screen */ = {
			isa = PBXGroup;
			children = (
				638E450E29C0228200BA3A0B /* RegisterScreen.swift */,
				638E451229C022C700BA3A0B /* RegisterScreenViewController.swift */,
			);
			path = Screen;
			sourceTree = "<group>";
		};
		C4CC785229F8371F0055DC8A /* Model */ = {
			isa = PBXGroup;
			children = (
				C4B7145B29F9408B003DC323 /* RegisterModel.swift */,
			);
			path = Model;
			sourceTree = "<group>";
		};
		C4CC785329F837230055DC8A /* ViewModel */ = {
			isa = PBXGroup;
			children = (
				C4B7145D29F940AA003DC323 /* RegisterViewModel.swift */,
			);
			path = ViewModel;
			sourceTree = "<group>";
		};
		C4CC785429F837760055DC8A /* Model */ = {
			isa = PBXGroup;
			children = (
				C4B7145F29F949A0003DC323 /* SucessRegisterModel.swift */,
			);
			path = Model;
			sourceTree = "<group>";
		};
		C4CC785529F8377F0055DC8A /* View */ = {
			isa = PBXGroup;
			children = (
				C4CC785729F8378E0055DC8A /* Screen */,
			);
			path = View;
			sourceTree = "<group>";
		};
		C4CC785629F837870055DC8A /* ViewModel */ = {
			isa = PBXGroup;
			children = (
				C4B7146129F94A18003DC323 /* SucessRegisterViewModel.swift */,
			);
			path = ViewModel;
			sourceTree = "<group>";
		};
		C4CC785729F8378E0055DC8A /* Screen */ = {
			isa = PBXGroup;
			children = (
				638E451029C022B300BA3A0B /* SucessRegisterScreen.swift */,
				638E451429C022DF00BA3A0B /* SucessRegisterViewController.swift */,
			);
			path = Screen;
			sourceTree = "<group>";
		};
		C4CC785829F837A40055DC8A /* ViewModel */ = {
			isa = PBXGroup;
			children = (
				63398A7729EEBE7C009B154A /* HomeScreenViewModel.swift */,
			);
			path = ViewModel;
			sourceTree = "<group>";
		};
		C4CC785929F837AA0055DC8A /* View */ = {
			isa = PBXGroup;
			children = (
				63C6787629D5410200658E88 /* DiscoverScreen */,
				C4CC785B29F837B40055DC8A /* HomeScreen */,
			);
			path = View;
			sourceTree = "<group>";
		};
		C4CC785A29F837B00055DC8A /* Model */ = {
			isa = PBXGroup;
			children = (
				63398A7529EEBE05009B154A /* IngredientsModel.swift */,
			);
			path = Model;
			sourceTree = "<group>";
		};
		C4CC785B29F837B40055DC8A /* HomeScreen */ = {
			isa = PBXGroup;
			children = (
				C4B7146929F95AA9003DC323 /* Screen */,
				C4CC785829F837A40055DC8A /* ViewModel */,
			);
			path = HomeScreen;
			sourceTree = "<group>";
		};
		C4CC785C29F837F20055DC8A /* TabBar */ = {
			isa = PBXGroup;
			children = (
				638E450029C01F8600BA3A0B /* TabBarViewController.swift */,
			);
			path = TabBar;
			sourceTree = "<group>";
		};
		C4CC785E29F838B00055DC8A /* Screen */ = {
			isa = PBXGroup;
			children = (
				63C6787729D5410200658E88 /* DiscoverScreen.swift */,
				63C6787529D5410200658E88 /* DiscoverViewController.swift */,
			);
			path = Screen;
			sourceTree = "<group>";
		};
		C4CC785F29F838BA0055DC8A /* ViewModel */ = {
			isa = PBXGroup;
			children = (
				C4B7146A29F95DD1003DC323 /* DiscoverViewModel.swift */,
			);
			path = ViewModel;
			sourceTree = "<group>";
		};
		C4CC786129F839F40055DC8A /* View */ = {
			isa = PBXGroup;
			children = (
				C4CC786E29F83AF50055DC8A /* OtherScreen */,
				C4CC786229F839FA0055DC8A /* RecipeScreen */,
			);
			path = View;
			sourceTree = "<group>";
		};
		C4CC786229F839FA0055DC8A /* RecipeScreen */ = {
			isa = PBXGroup;
			children = (
				6308BCEE29C0E41E00104398 /* RecipeScreen.swift */,
				6308BCEB29C0E3CA00104398 /* RecipeViewController.swift */,
			);
			path = RecipeScreen;
			sourceTree = "<group>";
		};
		C4CC786329F83A0E0055DC8A /* Model */ = {
			isa = PBXGroup;
			children = (
				63035C1E29DB8A40006B6F83 /* RecipeModel.swift */,
			);
			path = Model;
			sourceTree = "<group>";
		};
		C4CC786429F83A170055DC8A /* ViewModel */ = {
			isa = PBXGroup;
			children = (
				C4CC787629F846140055DC8A /* RecipeViewModel.swift */,
			);
			path = ViewModel;
			sourceTree = "<group>";
		};
		C4CC786529F83A230055DC8A /* View */ = {
			isa = PBXGroup;
			children = (
				C4CC786829F83A370055DC8A /* Screen */,
			);
			path = View;
			sourceTree = "<group>";
		};
		C4CC786629F83A290055DC8A /* Model */ = {
			isa = PBXGroup;
			children = (
			);
			path = Model;
			sourceTree = "<group>";
		};
		C4CC786729F83A2D0055DC8A /* ViewModel */ = {
			isa = PBXGroup;
			children = (
			);
			path = ViewModel;
			sourceTree = "<group>";
		};
		C4CC786829F83A370055DC8A /* Screen */ = {
			isa = PBXGroup;
			children = (
				63C6786629D463ED00658E88 /* FavoriteScreen.swift */,
				63C6786829D463FC00658E88 /* FavoriteViewController.swift */,
			);
			path = Screen;
			sourceTree = "<group>";
		};
		C4CC786929F83A630055DC8A /* ViewModel */ = {
			isa = PBXGroup;
			children = (
			);
			path = ViewModel;
			sourceTree = "<group>";
		};
		C4CC786A29F83A6A0055DC8A /* View */ = {
			isa = PBXGroup;
			children = (
				C4CC786C29F83A730055DC8A /* Screen */,
			);
			path = View;
			sourceTree = "<group>";
		};
		C4CC786B29F83A6E0055DC8A /* Model */ = {
			isa = PBXGroup;
			children = (
			);
			path = Model;
			sourceTree = "<group>";
		};
		C4CC786C29F83A730055DC8A /* Screen */ = {
			isa = PBXGroup;
			children = (
				638E451A29C0241A00BA3A0B /* ProfileScreen.swift */,
				638E451C29C0242D00BA3A0B /* ProfileViewController.swift */,
			);
			path = Screen;
			sourceTree = "<group>";
		};
		C4CC786E29F83AF50055DC8A /* OtherScreen */ = {
			isa = PBXGroup;
			children = (
				631C70A729CD4D8A00074D35 /* Meals */,
			);
			path = OtherScreen;
			sourceTree = "<group>";
		};
		C4CC786F29F83B640055DC8A /* Cell */ = {
			isa = PBXGroup;
			children = (
				63C6787329D5410200658E88 /* DiscoverCollectionViewCell.swift */,
			);
			path = Cell;
			sourceTree = "<group>";
		};
		C4CC787129F83BBE0055DC8A /* Cell */ = {
			isa = PBXGroup;
			children = (
				C4CC787429F83CBE0055DC8A /* ViewIngredients */,
				C4CC787329F83CAA0055DC8A /* ViewSearche */,
			);
			path = Cell;
			sourceTree = "<group>";
		};
		C4CC787229F83BF30055DC8A /* Cell */ = {
			isa = PBXGroup;
			children = (
				63C6786B29D47E5D00658E88 /* FavoriteCollectionViewCell.swift */,
			);
			path = Cell;
			sourceTree = "<group>";
		};
		C4CC787329F83CAA0055DC8A /* ViewSearche */ = {
			isa = PBXGroup;
			children = (
				6307066429E2FBD000D61DAF /* SearchedFieldTableView.swift */,
			);
			path = ViewSearche;
			sourceTree = "<group>";
		};
		C4CC787429F83CBE0055DC8A /* ViewIngredients */ = {
			isa = PBXGroup;
			children = (
				638E44FD29C01C0700BA3A0B /* IngredientsTableViewCell.swift */,
			);
			path = ViewIngredients;
			sourceTree = "<group>";
		};
		C4CC787529F83CD90055DC8A /* Cell */ = {
			isa = PBXGroup;
			children = (
				6308BCF229C0E8E500104398 /* RecipeScreenCollectionViewCell.swift */,
			);
			path = Cell;
			sourceTree = "<group>";
		};
/* End PBXGroup section */

/* Begin PBXNativeTarget section */
		638E44DF29C0173A00BA3A0B /* SmartChef-Oficial */ = {
			isa = PBXNativeTarget;
			buildConfigurationList = 638E44F429C0173C00BA3A0B /* Build configuration list for PBXNativeTarget "SmartChef-Oficial" */;
			buildPhases = (
				638E44DC29C0173A00BA3A0B /* Sources */,
				638E44DD29C0173A00BA3A0B /* Frameworks */,
				638E44DE29C0173A00BA3A0B /* Resources */,
			);
			buildRules = (
			);
			dependencies = (
			);
			name = "SmartChef-Oficial";
			productName = "SmartChef-Oficial";
			productReference = 638E44E029C0173A00BA3A0B /* SmartChef-Oficial.app */;
			productType = "com.apple.product-type.application";
		};
/* End PBXNativeTarget section */

/* Begin PBXProject section */
		638E44D829C0173A00BA3A0B /* Project object */ = {
			isa = PBXProject;
			attributes = {
				BuildIndependentTargetsInParallel = 1;
				LastSwiftUpdateCheck = 1420;
				LastUpgradeCheck = 1420;
				TargetAttributes = {
					638E44DF29C0173A00BA3A0B = {
						CreatedOnToolsVersion = 14.2;
					};
				};
			};
			buildConfigurationList = 638E44DB29C0173A00BA3A0B /* Build configuration list for PBXProject "SmartChef-Oficial" */;
			compatibilityVersion = "Xcode 14.0";
			developmentRegion = en;
			hasScannedForEncodings = 0;
			knownRegions = (
				en,
				Base,
			);
			mainGroup = 638E44D729C0173A00BA3A0B;
			productRefGroup = 638E44E129C0173A00BA3A0B /* Products */;
			projectDirPath = "";
			projectRoot = "";
			targets = (
				638E44DF29C0173A00BA3A0B /* SmartChef-Oficial */,
			);
		};
/* End PBXProject section */

/* Begin PBXResourcesBuildPhase section */
		638E44DE29C0173A00BA3A0B /* Resources */ = {
			isa = PBXResourcesBuildPhase;
			buildActionMask = 2147483647;
			files = (
				638E44F029C0173C00BA3A0B /* LaunchScreen.storyboard in Resources */,
				63035C2529DB9CCE006B6F83 /* Localizable.strings in Resources */,
				638E44ED29C0173C00BA3A0B /* Assets.xcassets in Resources */,
				6398100829D5E704004503B8 /* Nice Sugar.ttf in Resources */,
			);
			runOnlyForDeploymentPostprocessing = 0;
		};
/* End PBXResourcesBuildPhase section */

/* Begin PBXSourcesBuildPhase section */
		638E44DC29C0173A00BA3A0B /* Sources */ = {
			isa = PBXSourcesBuildPhase;
			buildActionMask = 2147483647;
			files = (
				638E44FE29C01C0700BA3A0B /* IngredientsTableViewCell.swift in Sources */,
				638E450729C0217100BA3A0B /* LoginScreenViewController.swift in Sources */,
				634E7F5929CB8015003996DD /* UIView.swift in Sources */,
				C4B7145E29F940AA003DC323 /* RegisterViewModel.swift in Sources */,
				6328C31729CDE99E00727FDA /* SnackViewController.swift in Sources */,
				C4B7146B29F95DD1003DC323 /* DiscoverViewModel.swift in Sources */,
				638E451129C022B300BA3A0B /* SucessRegisterScreen.swift in Sources */,
				638E44FC29C01BDA00BA3A0B /* HomeScreen.swift in Sources */,
				6308BCEC29C0E3CA00104398 /* RecipeViewController.swift in Sources */,
				6328C32629CE2A1A00727FDA /* LunchCollectionViewCell.swift in Sources */,
				C4B7147029F96508003DC323 /* DiscoverModel.swift in Sources */,
				C4B7145C29F9408B003DC323 /* RegisterModel.swift in Sources */,
				6308BCF329C0E8E500104398 /* RecipeScreenCollectionViewCell.swift in Sources */,
				631C70BE29CD4D8A00074D35 /* HotRecipeStackView.swift in Sources */,
				63398A7629EEBE05009B154A /* IngredientsModel.swift in Sources */,
				631C70C429CD4D8A00074D35 /* BreakfastCollectionViewCell.swift in Sources */,
				634E7F5429CB7CCA003996DD /* Sizes.swift in Sources */,
				63A6B7FE29C62E51002521EC /* VisitedsSteckView.swift in Sources */,
				6308BCEF29C0E41E00104398 /* RecipeScreen.swift in Sources */,
				63C6786929D463FC00658E88 /* FavoriteViewController.swift in Sources */,
				6328C31129CDE94400727FDA /* SnackScreen.swift in Sources */,
				631C70C229CD4D8A00074D35 /* HotMealsViewController.swift in Sources */,
				C4CC787929F849050055DC8A /* LoginModel.swift in Sources */,
				6328C30B29CDE88700727FDA /* SnackStackView.swift in Sources */,
				63421EB129CBA8DC00D1D0DF /* WrapperViewAnimation.swift in Sources */,
				6328C33829CE2A4B00727FDA /* DessertRecipe.swift in Sources */,
				639DE0A129C3683000A0F37A /* RecipeStackView.swift in Sources */,
				6307066529E2FBD000D61DAF /* SearchedFieldTableView.swift in Sources */,
				63C6787B29D5410200658E88 /* DiscoverViewController.swift in Sources */,
				C4B7146229F94A18003DC323 /* SucessRegisterViewModel.swift in Sources */,
				6328C32829CE2A1A00727FDA /* LunchRecipe.swift in Sources */,
				638E451B29C0241A00BA3A0B /* ProfileScreen.swift in Sources */,
				6328C33629CE2A4B00727FDA /* DessertCollectionViewCell.swift in Sources */,
				638E450F29C0228200BA3A0B /* RegisterScreen.swift in Sources */,
				631C70C029CD4D8A00074D35 /* HotMealsScreen.swift in Sources */,
				63C6787A29D5410200658E88 /* DiscoverCollectionViewCell.swift in Sources */,
				63C6787D29D5410200658E88 /* DiscoverStackView.swift in Sources */,
				63C6787C29D5410200658E88 /* DiscoverScreen.swift in Sources */,
				6328C33529CE2A4B00727FDA /* DessertStackView.swift in Sources */,
				6328C33729CE2A4B00727FDA /* DessertScreen.swift in Sources */,
				6328C32929CE2A1A00727FDA /* LunchViewController.swift in Sources */,
				638E44E829C0173A00BA3A0B /* HomeScreenViewController.swift in Sources */,
				638E44E429C0173A00BA3A0B /* AppDelegate.swift in Sources */,
				6328C30E29CDE8F000727FDA /* SnackCollectionViewCell.swift in Sources */,
				63035C1F29DB8A40006B6F83 /* RecipeModel.swift in Sources */,
				638E451D29C0242D00BA3A0B /* ProfileViewController.swift in Sources */,
				638E451529C022DF00BA3A0B /* SucessRegisterViewController.swift in Sources */,
				6328C32729CE2A1A00727FDA /* LunchScreen.swift in Sources */,
				63398A7829EEBE7C009B154A /* HomeScreenViewModel.swift in Sources */,
				6328C33929CE2A4B00727FDA /* DessertViewController.swift in Sources */,
				C4CC787729F846140055DC8A /* RecipeViewModel.swift in Sources */,
				C4B7146029F949A0003DC323 /* SucessRegisterModel.swift in Sources */,
				631C70BF29CD4D8A00074D35 /* HotMealsCollectionViewCell.swift in Sources */,
				638E450929C0218D00BA3A0B /* LoginScreen.swift in Sources */,
				C4CC787B29F849280055DC8A /* LoginViewModel.swift in Sources */,
				631C70C529CD4D8A00074D35 /* BreakfastScreen.swift in Sources */,
				63C6786C29D47E5D00658E88 /* FavoriteCollectionViewCell.swift in Sources */,
				631C70C729CD4D8A00074D35 /* BreakfastViewController.swift in Sources */,
				6328C32529CE2A1A00727FDA /* LunchStackView.swift in Sources */,
				631C70C129CD4D8A00074D35 /* HotRecipe.swift in Sources */,
				631C70C629CD4D8A00074D35 /* BreakfastRecipe.swift in Sources */,
				638E450129C01F8600BA3A0B /* TabBarViewController.swift in Sources */,
				631C70C329CD4D8A00074D35 /* BreakFastStackView.swift in Sources */,
				638E451329C022C700BA3A0B /* RegisterScreenViewController.swift in Sources */,
				63C6786729D463ED00658E88 /* FavoriteScreen.swift in Sources */,
				63C6786F29D52F3A00658E88 /* StarsStackView.swift in Sources */,
				6328C31429CDE97500727FDA /* SnackRecipe.swift in Sources */,
				638E44E629C0173A00BA3A0B /* SceneDelegate.swift in Sources */,
			);
			runOnlyForDeploymentPostprocessing = 0;
		};
/* End PBXSourcesBuildPhase section */

/* Begin PBXVariantGroup section */
		63035C2729DB9CCE006B6F83 /* Localizable.strings */ = {
			isa = PBXVariantGroup;
			children = (
				63035C2629DB9CCE006B6F83 /* en */,
			);
			name = Localizable.strings;
			sourceTree = "<group>";
		};
		638E44EE29C0173C00BA3A0B /* LaunchScreen.storyboard */ = {
			isa = PBXVariantGroup;
			children = (
				638E44EF29C0173C00BA3A0B /* Base */,
			);
			name = LaunchScreen.storyboard;
			sourceTree = "<group>";
		};
/* End PBXVariantGroup section */

/* Begin XCBuildConfiguration section */
		638E44F229C0173C00BA3A0B /* Debug */ = {
			isa = XCBuildConfiguration;
			buildSettings = {
				ALWAYS_SEARCH_USER_PATHS = NO;
				CLANG_ANALYZER_LOCALIZABILITY_NONLOCALIZED = YES;
				CLANG_ANALYZER_NONNULL = YES;
				CLANG_ANALYZER_NUMBER_OBJECT_CONVERSION = YES_AGGRESSIVE;
				CLANG_CXX_LANGUAGE_STANDARD = "gnu++20";
				CLANG_ENABLE_MODULES = YES;
				CLANG_ENABLE_OBJC_ARC = YES;
				CLANG_ENABLE_OBJC_WEAK = YES;
				CLANG_WARN_BLOCK_CAPTURE_AUTORELEASING = YES;
				CLANG_WARN_BOOL_CONVERSION = YES;
				CLANG_WARN_COMMA = YES;
				CLANG_WARN_CONSTANT_CONVERSION = YES;
				CLANG_WARN_DEPRECATED_OBJC_IMPLEMENTATIONS = YES;
				CLANG_WARN_DIRECT_OBJC_ISA_USAGE = YES_ERROR;
				CLANG_WARN_DOCUMENTATION_COMMENTS = YES;
				CLANG_WARN_EMPTY_BODY = YES;
				CLANG_WARN_ENUM_CONVERSION = YES;
				CLANG_WARN_INFINITE_RECURSION = YES;
				CLANG_WARN_INT_CONVERSION = YES;
				CLANG_WARN_NON_LITERAL_NULL_CONVERSION = YES;
				CLANG_WARN_OBJC_IMPLICIT_RETAIN_SELF = YES;
				CLANG_WARN_OBJC_LITERAL_CONVERSION = YES;
				CLANG_WARN_OBJC_ROOT_CLASS = YES_ERROR;
				CLANG_WARN_QUOTED_INCLUDE_IN_FRAMEWORK_HEADER = YES;
				CLANG_WARN_RANGE_LOOP_ANALYSIS = YES;
				CLANG_WARN_STRICT_PROTOTYPES = YES;
				CLANG_WARN_SUSPICIOUS_MOVE = YES;
				CLANG_WARN_UNGUARDED_AVAILABILITY = YES_AGGRESSIVE;
				CLANG_WARN_UNREACHABLE_CODE = YES;
				CLANG_WARN__DUPLICATE_METHOD_MATCH = YES;
				COPY_PHASE_STRIP = NO;
				DEBUG_INFORMATION_FORMAT = dwarf;
				ENABLE_STRICT_OBJC_MSGSEND = YES;
				ENABLE_TESTABILITY = YES;
				GCC_C_LANGUAGE_STANDARD = gnu11;
				GCC_DYNAMIC_NO_PIC = NO;
				GCC_NO_COMMON_BLOCKS = YES;
				GCC_OPTIMIZATION_LEVEL = 0;
				GCC_PREPROCESSOR_DEFINITIONS = (
					"DEBUG=1",
					"$(inherited)",
				);
				GCC_WARN_64_TO_32_BIT_CONVERSION = YES;
				GCC_WARN_ABOUT_RETURN_TYPE = YES_ERROR;
				GCC_WARN_UNDECLARED_SELECTOR = YES;
				GCC_WARN_UNINITIALIZED_AUTOS = YES_AGGRESSIVE;
				GCC_WARN_UNUSED_FUNCTION = YES;
				GCC_WARN_UNUSED_VARIABLE = YES;
				IPHONEOS_DEPLOYMENT_TARGET = 16.2;
				MTL_ENABLE_DEBUG_INFO = INCLUDE_SOURCE;
				MTL_FAST_MATH = YES;
				ONLY_ACTIVE_ARCH = YES;
				SDKROOT = iphoneos;
				SWIFT_ACTIVE_COMPILATION_CONDITIONS = DEBUG;
				SWIFT_OPTIMIZATION_LEVEL = "-Onone";
			};
			name = Debug;
		};
		638E44F329C0173C00BA3A0B /* Release */ = {
			isa = XCBuildConfiguration;
			buildSettings = {
				ALWAYS_SEARCH_USER_PATHS = NO;
				CLANG_ANALYZER_LOCALIZABILITY_NONLOCALIZED = YES;
				CLANG_ANALYZER_NONNULL = YES;
				CLANG_ANALYZER_NUMBER_OBJECT_CONVERSION = YES_AGGRESSIVE;
				CLANG_CXX_LANGUAGE_STANDARD = "gnu++20";
				CLANG_ENABLE_MODULES = YES;
				CLANG_ENABLE_OBJC_ARC = YES;
				CLANG_ENABLE_OBJC_WEAK = YES;
				CLANG_WARN_BLOCK_CAPTURE_AUTORELEASING = YES;
				CLANG_WARN_BOOL_CONVERSION = YES;
				CLANG_WARN_COMMA = YES;
				CLANG_WARN_CONSTANT_CONVERSION = YES;
				CLANG_WARN_DEPRECATED_OBJC_IMPLEMENTATIONS = YES;
				CLANG_WARN_DIRECT_OBJC_ISA_USAGE = YES_ERROR;
				CLANG_WARN_DOCUMENTATION_COMMENTS = YES;
				CLANG_WARN_EMPTY_BODY = YES;
				CLANG_WARN_ENUM_CONVERSION = YES;
				CLANG_WARN_INFINITE_RECURSION = YES;
				CLANG_WARN_INT_CONVERSION = YES;
				CLANG_WARN_NON_LITERAL_NULL_CONVERSION = YES;
				CLANG_WARN_OBJC_IMPLICIT_RETAIN_SELF = YES;
				CLANG_WARN_OBJC_LITERAL_CONVERSION = YES;
				CLANG_WARN_OBJC_ROOT_CLASS = YES_ERROR;
				CLANG_WARN_QUOTED_INCLUDE_IN_FRAMEWORK_HEADER = YES;
				CLANG_WARN_RANGE_LOOP_ANALYSIS = YES;
				CLANG_WARN_STRICT_PROTOTYPES = YES;
				CLANG_WARN_SUSPICIOUS_MOVE = YES;
				CLANG_WARN_UNGUARDED_AVAILABILITY = YES_AGGRESSIVE;
				CLANG_WARN_UNREACHABLE_CODE = YES;
				CLANG_WARN__DUPLICATE_METHOD_MATCH = YES;
				COPY_PHASE_STRIP = NO;
				DEBUG_INFORMATION_FORMAT = "dwarf-with-dsym";
				ENABLE_NS_ASSERTIONS = NO;
				ENABLE_STRICT_OBJC_MSGSEND = YES;
				GCC_C_LANGUAGE_STANDARD = gnu11;
				GCC_NO_COMMON_BLOCKS = YES;
				GCC_WARN_64_TO_32_BIT_CONVERSION = YES;
				GCC_WARN_ABOUT_RETURN_TYPE = YES_ERROR;
				GCC_WARN_UNDECLARED_SELECTOR = YES;
				GCC_WARN_UNINITIALIZED_AUTOS = YES_AGGRESSIVE;
				GCC_WARN_UNUSED_FUNCTION = YES;
				GCC_WARN_UNUSED_VARIABLE = YES;
				IPHONEOS_DEPLOYMENT_TARGET = 16.2;
				MTL_ENABLE_DEBUG_INFO = NO;
				MTL_FAST_MATH = YES;
				SDKROOT = iphoneos;
				SWIFT_COMPILATION_MODE = wholemodule;
				SWIFT_OPTIMIZATION_LEVEL = "-O";
				VALIDATE_PRODUCT = YES;
			};
			name = Release;
		};
		638E44F529C0173C00BA3A0B /* Debug */ = {
			isa = XCBuildConfiguration;
			buildSettings = {
				ASSETCATALOG_COMPILER_APPICON_NAME = AppIcon;
				ASSETCATALOG_COMPILER_GLOBAL_ACCENT_COLOR_NAME = AccentColor;
				CODE_SIGN_STYLE = Automatic;
				CURRENT_PROJECT_VERSION = 1;
				DEVELOPMENT_TEAM = 4G729SMP5Y;
				GENERATE_INFOPLIST_FILE = YES;
				INFOPLIST_FILE = "SmartChef-Oficial/Info.plist";
				INFOPLIST_KEY_CFBundleDisplayName = SmartChef;
				INFOPLIST_KEY_LSApplicationCategoryType = "public.app-category.food-and-drink";
				INFOPLIST_KEY_UIApplicationSupportsIndirectInputEvents = YES;
				INFOPLIST_KEY_UILaunchStoryboardName = LaunchScreen;
				INFOPLIST_KEY_UISupportedInterfaceOrientations = UIInterfaceOrientationPortrait;
				INFOPLIST_KEY_UISupportedInterfaceOrientations_iPad = "UIInterfaceOrientationLandscapeLeft UIInterfaceOrientationLandscapeRight UIInterfaceOrientationPortrait UIInterfaceOrientationPortraitUpsideDown";
				IPHONEOS_DEPLOYMENT_TARGET = 15.0;
				LD_RUNPATH_SEARCH_PATHS = (
					"$(inherited)",
					"@executable_path/Frameworks",
				);
				MARKETING_VERSION = 1.0;
				PRODUCT_BUNDLE_IDENTIFIER = "KevinLongue.SmartChef-Oficial";
				PRODUCT_NAME = "$(TARGET_NAME)";
				SUPPORTED_PLATFORMS = "iphoneos iphonesimulator";
				SUPPORTS_MACCATALYST = NO;
				SUPPORTS_MAC_DESIGNED_FOR_IPHONE_IPAD = NO;
				SWIFT_EMIT_LOC_STRINGS = YES;
				SWIFT_VERSION = 5.0;
				TARGETED_DEVICE_FAMILY = 1;
			};
			name = Debug;
		};
		638E44F629C0173C00BA3A0B /* Release */ = {
			isa = XCBuildConfiguration;
			buildSettings = {
				ASSETCATALOG_COMPILER_APPICON_NAME = AppIcon;
				ASSETCATALOG_COMPILER_GLOBAL_ACCENT_COLOR_NAME = AccentColor;
				CODE_SIGN_STYLE = Automatic;
				CURRENT_PROJECT_VERSION = 1;
				DEVELOPMENT_TEAM = 4G729SMP5Y;
				GENERATE_INFOPLIST_FILE = YES;
				INFOPLIST_FILE = "SmartChef-Oficial/Info.plist";
				INFOPLIST_KEY_CFBundleDisplayName = SmartChef;
				INFOPLIST_KEY_LSApplicationCategoryType = "public.app-category.food-and-drink";
				INFOPLIST_KEY_UIApplicationSupportsIndirectInputEvents = YES;
				INFOPLIST_KEY_UILaunchStoryboardName = LaunchScreen;
				INFOPLIST_KEY_UISupportedInterfaceOrientations = UIInterfaceOrientationPortrait;
				INFOPLIST_KEY_UISupportedInterfaceOrientations_iPad = "UIInterfaceOrientationLandscapeLeft UIInterfaceOrientationLandscapeRight UIInterfaceOrientationPortrait UIInterfaceOrientationPortraitUpsideDown";
				IPHONEOS_DEPLOYMENT_TARGET = 15.0;
				LD_RUNPATH_SEARCH_PATHS = (
					"$(inherited)",
					"@executable_path/Frameworks",
				);
				MARKETING_VERSION = 1.0;
				PRODUCT_BUNDLE_IDENTIFIER = "KevinLongue.SmartChef-Oficial";
				PRODUCT_NAME = "$(TARGET_NAME)";
				SUPPORTED_PLATFORMS = "iphoneos iphonesimulator";
				SUPPORTS_MACCATALYST = NO;
				SUPPORTS_MAC_DESIGNED_FOR_IPHONE_IPAD = NO;
				SWIFT_EMIT_LOC_STRINGS = YES;
				SWIFT_VERSION = 5.0;
				TARGETED_DEVICE_FAMILY = 1;
			};
			name = Release;
		};
/* End XCBuildConfiguration section */

/* Begin XCConfigurationList section */
		638E44DB29C0173A00BA3A0B /* Build configuration list for PBXProject "SmartChef-Oficial" */ = {
			isa = XCConfigurationList;
			buildConfigurations = (
				638E44F229C0173C00BA3A0B /* Debug */,
				638E44F329C0173C00BA3A0B /* Release */,
			);
			defaultConfigurationIsVisible = 0;
			defaultConfigurationName = Release;
		};
		638E44F429C0173C00BA3A0B /* Build configuration list for PBXNativeTarget "SmartChef-Oficial" */ = {
			isa = XCConfigurationList;
			buildConfigurations = (
				638E44F529C0173C00BA3A0B /* Debug */,
				638E44F629C0173C00BA3A0B /* Release */,
			);
			defaultConfigurationIsVisible = 0;
			defaultConfigurationName = Release;
		};
/* End XCConfigurationList section */
	};
	rootObject = 638E44D829C0173A00BA3A0B /* Project object */;
}
